// !$*UTF8*$!
{
	archiveVersion = 1;
	classes = {
	};
	objectVersion = 56;
	objects = {

/* Begin PBXBuildFile section */
		BD2CFF722A325D85007F3AA2 /* UpcomingTableViewCell.swift in Sources */ = {isa = PBXBuildFile; fileRef = BD2CFF702A325D85007F3AA2 /* UpcomingTableViewCell.swift */; };
		BD2CFF732A325D85007F3AA2 /* UpcomingTableViewCell.xib in Resources */ = {isa = PBXBuildFile; fileRef = BD2CFF712A325D85007F3AA2 /* UpcomingTableViewCell.xib */; };
		BD3244FA2A2FA60500BA95D4 /* AllEventsViewController.swift in Sources */ = {isa = PBXBuildFile; fileRef = BD3244F92A2FA60500BA95D4 /* AllEventsViewController.swift */; };
		BD3244FF2A2FA72C00BA95D4 /* AllEventsCollectionViewCell.swift in Sources */ = {isa = PBXBuildFile; fileRef = BD3244FD2A2FA72C00BA95D4 /* AllEventsCollectionViewCell.swift */; };
		BD3245002A2FA72C00BA95D4 /* AllEventsCollectionViewCell.xib in Resources */ = {isa = PBXBuildFile; fileRef = BD3244FE2A2FA72C00BA95D4 /* AllEventsCollectionViewCell.xib */; };
		BD33835C2A390B9900B84738 /* bookgif.gif in Resources */ = {isa = PBXBuildFile; fileRef = BD33835B2A390B9900B84738 /* bookgif.gif */; };
		BD33835E2A390D4600B84738 /* GifLoader.swift in Sources */ = {isa = PBXBuildFile; fileRef = BD33835D2A390D4600B84738 /* GifLoader.swift */; };
		BD3383602A3A214500B84738 /* GetData.swift in Sources */ = {isa = PBXBuildFile; fileRef = BD33835F2A3A214500B84738 /* GetData.swift */; };
		BD33836B2A3A52D200B84738 /* Seasons.swift in Sources */ = {isa = PBXBuildFile; fileRef = BD3383622A3A52D100B84738 /* Seasons.swift */; };
		BD33836C2A3A52D200B84738 /* Parameters.swift in Sources */ = {isa = PBXBuildFile; fileRef = BD3383632A3A52D100B84738 /* Parameters.swift */; };
		BD33836D2A3A52D200B84738 /* Paging.swift in Sources */ = {isa = PBXBuildFile; fileRef = BD3383642A3A52D100B84738 /* Paging.swift */; };
		BD33836E2A3A52D200B84738 /* Country.swift in Sources */ = {isa = PBXBuildFile; fileRef = BD3383652A3A52D200B84738 /* Country.swift */; };
		BD33836F2A3A52D200B84738 /* Response.swift in Sources */ = {isa = PBXBuildFile; fileRef = BD3383662A3A52D200B84738 /* Response.swift */; };
		BD3383702A3A52D200B84738 /* Json4Swift_Base.swift in Sources */ = {isa = PBXBuildFile; fileRef = BD3383672A3A52D200B84738 /* Json4Swift_Base.swift */; };
		BD3383712A3A52D200B84738 /* Coverage.swift in Sources */ = {isa = PBXBuildFile; fileRef = BD3383682A3A52D200B84738 /* Coverage.swift */; };
		BD3383722A3A52D200B84738 /* Fixtures.swift in Sources */ = {isa = PBXBuildFile; fileRef = BD3383692A3A52D200B84738 /* Fixtures.swift */; };
		BD3383732A3A52D200B84738 /* League.swift in Sources */ = {isa = PBXBuildFile; fileRef = BD33836A2A3A52D200B84738 /* League.swift */; };
		BD33837B2A3AC9E400B84738 /* NotificationService.swift in Sources */ = {isa = PBXBuildFile; fileRef = BD33837A2A3AC9E400B84738 /* NotificationService.swift */; };
		BD3383862A3ACA1500B84738 /* OneSignal in Frameworks */ = {isa = PBXBuildFile; productRef = BD3383852A3ACA1500B84738 /* OneSignal */; };
		BD3383882A3ACA1500B84738 /* OneSignalExtension in Frameworks */ = {isa = PBXBuildFile; productRef = BD3383872A3ACA1500B84738 /* OneSignalExtension */; };
		BD33838C2A3ACACB00B84738 /* AppsFlyerLib in Frameworks */ = {isa = PBXBuildFile; productRef = BD33838B2A3ACACB00B84738 /* AppsFlyerLib */; };
		BD33838E2A3ACC9900B84738 /* GoogleService-Info.plist in Resources */ = {isa = PBXBuildFile; fileRef = BD33838D2A3ACC9900B84738 /* GoogleService-Info.plist */; };
		BD3383912A3ACCFD00B84738 /* FirebaseAnalytics in Frameworks */ = {isa = PBXBuildFile; productRef = BD3383902A3ACCFD00B84738 /* FirebaseAnalytics */; };
		BD3383932A3ACCFD00B84738 /* FirebaseAnalyticsSwift in Frameworks */ = {isa = PBXBuildFile; productRef = BD3383922A3ACCFD00B84738 /* FirebaseAnalyticsSwift */; };
		BD5C024F2A25373A005AA537 /* AppDelegate.swift in Sources */ = {isa = PBXBuildFile; fileRef = BD5C024E2A25373A005AA537 /* AppDelegate.swift */; };
		BD5C02512A25373A005AA537 /* SceneDelegate.swift in Sources */ = {isa = PBXBuildFile; fileRef = BD5C02502A25373A005AA537 /* SceneDelegate.swift */; };
		BD5C02532A25373A005AA537 /* PreloaderController.swift in Sources */ = {isa = PBXBuildFile; fileRef = BD5C02522A25373A005AA537 /* PreloaderController.swift */; };
		BD5C02562A25373A005AA537 /* Main.storyboard in Resources */ = {isa = PBXBuildFile; fileRef = BD5C02542A25373A005AA537 /* Main.storyboard */; };
		BD5C02582A25373C005AA537 /* Assets.xcassets in Resources */ = {isa = PBXBuildFile; fileRef = BD5C02572A25373C005AA537 /* Assets.xcassets */; };
		BD5C025B2A25373C005AA537 /* LaunchScreen.storyboard in Resources */ = {isa = PBXBuildFile; fileRef = BD5C02592A25373C005AA537 /* LaunchScreen.storyboard */; };
		BD5C02642A25375D005AA537 /* Alamofire in Frameworks */ = {isa = PBXBuildFile; productRef = BD5C02632A25375D005AA537 /* Alamofire */; };
		BD5C02672A25376B005AA537 /* SnapKit in Frameworks */ = {isa = PBXBuildFile; productRef = BD5C02662A25376B005AA537 /* SnapKit */; };
		BD5C026A2A253777005AA537 /* Kingfisher in Frameworks */ = {isa = PBXBuildFile; productRef = BD5C02692A253777005AA537 /* Kingfisher */; };
		BD5C026D2A25398C005AA537 /* UIColor+extension.swift in Sources */ = {isa = PBXBuildFile; fileRef = BD5C026C2A25398C005AA537 /* UIColor+extension.swift */; };
		BD5C02722A253B05005AA537 /* PreloaderModel.swift in Sources */ = {isa = PBXBuildFile; fileRef = BD5C02712A253B05005AA537 /* PreloaderModel.swift */; };
		BD5C02762A253B95005AA537 /* PreloaderCollectionViewCell.swift in Sources */ = {isa = PBXBuildFile; fileRef = BD5C02742A253B95005AA537 /* PreloaderCollectionViewCell.swift */; };
		BD5C02772A253B95005AA537 /* PreloaderCollectionViewCell.xib in Resources */ = {isa = PBXBuildFile; fileRef = BD5C02752A253B95005AA537 /* PreloaderCollectionViewCell.xib */; };
		BD5C027B2A253CC3005AA537 /* SFPRODISPLAYBOLD.OTF in Resources */ = {isa = PBXBuildFile; fileRef = BD5C02792A253CC1005AA537 /* SFPRODISPLAYBOLD.OTF */; };
		BD5C027C2A253CC3005AA537 /* SFPRODISPLAYMEDIUM.OTF in Resources */ = {isa = PBXBuildFile; fileRef = BD5C027A2A253CC3005AA537 /* SFPRODISPLAYMEDIUM.OTF */; };
		BD5C027F2A253D75005AA537 /* UIFont+ProDisplay.swift in Sources */ = {isa = PBXBuildFile; fileRef = BD5C027E2A253D75005AA537 /* UIFont+ProDisplay.swift */; };
		BD5C028A2A2682A8005AA537 /* InfoBaseRealm.swift in Sources */ = {isa = PBXBuildFile; fileRef = BD5C02822A2682A7005AA537 /* InfoBaseRealm.swift */; };
		BD5C02A62A26847B005AA537 /* RealmSwift in Frameworks */ = {isa = PBXBuildFile; productRef = BD5C02A52A26847B005AA537 /* RealmSwift */; };
		BD5C02AA2A268DD5005AA537 /* MainViewController.swift in Sources */ = {isa = PBXBuildFile; fileRef = BD5C02A92A268DD5005AA537 /* MainViewController.swift */; };
		BD5C02AE2A27D2C1005AA537 /* SettingsViewController.swift in Sources */ = {isa = PBXBuildFile; fileRef = BD5C02AD2A27D2C1005AA537 /* SettingsViewController.swift */; };
		BD5C02B22A27DAA8005AA537 /* TermsViewController.swift in Sources */ = {isa = PBXBuildFile; fileRef = BD5C02B12A27DAA8005AA537 /* TermsViewController.swift */; };
		BD82E51C2A2BC147005EEF71 /* UpcomingCollectionViewCell.swift in Sources */ = {isa = PBXBuildFile; fileRef = BD82E51A2A2BC147005EEF71 /* UpcomingCollectionViewCell.swift */; };
		BD82E51D2A2BC147005EEF71 /* UpcomingCollectionViewCell.xib in Resources */ = {isa = PBXBuildFile; fileRef = BD82E51B2A2BC147005EEF71 /* UpcomingCollectionViewCell.xib */; };
		BD82E5212A2BD1D3005EEF71 /* CurrentCollectionViewCell.swift in Sources */ = {isa = PBXBuildFile; fileRef = BD82E51F2A2BD1D3005EEF71 /* CurrentCollectionViewCell.swift */; };
		BD82E5222A2BD1D3005EEF71 /* CurrentCollectionViewCell.xib in Resources */ = {isa = PBXBuildFile; fileRef = BD82E5202A2BD1D3005EEF71 /* CurrentCollectionViewCell.xib */; };
		BD9E50E12A2D34A200996D82 /* PreferredViewController.swift in Sources */ = {isa = PBXBuildFile; fileRef = BD9E50E02A2D34A200996D82 /* PreferredViewController.swift */; };
		BD9E50E82A2D377E00996D82 /* SettingsTableViewCell.swift in Sources */ = {isa = PBXBuildFile; fileRef = BD9E50E62A2D377E00996D82 /* SettingsTableViewCell.swift */; };
		BD9E50E92A2D377E00996D82 /* SettingsTableViewCell.xib in Resources */ = {isa = PBXBuildFile; fileRef = BD9E50E72A2D377E00996D82 /* SettingsTableViewCell.xib */; };
		BD9E50EE2A2D3C1B00996D82 /* SettingsList.swift in Sources */ = {isa = PBXBuildFile; fileRef = BD9E50ED2A2D3C1B00996D82 /* SettingsList.swift */; };
		BDA9022F2A2DBCE1000AA5F9 /* ProfileTableViewCell.swift in Sources */ = {isa = PBXBuildFile; fileRef = BDA9022D2A2DBCE1000AA5F9 /* ProfileTableViewCell.swift */; };
		BDA902302A2DBCE1000AA5F9 /* ProfileTableViewCell.xib in Resources */ = {isa = PBXBuildFile; fileRef = BDA9022E2A2DBCE1000AA5F9 /* ProfileTableViewCell.xib */; };
		BDA902332A2DBDBD000AA5F9 /* ALProgressView in Frameworks */ = {isa = PBXBuildFile; productRef = BDA902322A2DBDBD000AA5F9 /* ALProgressView */; };
		BDA902352A2DBF12000AA5F9 /* ProfileViewController.swift in Sources */ = {isa = PBXBuildFile; fileRef = BDA902342A2DBF12000AA5F9 /* ProfileViewController.swift */; };
		BDA9023A2A2DC63A000AA5F9 /* SortedViewController.swift in Sources */ = {isa = PBXBuildFile; fileRef = BDA902392A2DC63A000AA5F9 /* SortedViewController.swift */; };
		BDD91EC42A30660000900714 /* LineUpViewController.swift in Sources */ = {isa = PBXBuildFile; fileRef = BDD91EC32A30660000900714 /* LineUpViewController.swift */; };
		BDD91EC62A30661400900714 /* StandingsViewController.swift in Sources */ = {isa = PBXBuildFile; fileRef = BDD91EC52A30661400900714 /* StandingsViewController.swift */; };
		BDD91EC82A30662500900714 /* UpcomingViewController.swift in Sources */ = {isa = PBXBuildFile; fileRef = BDD91EC72A30662500900714 /* UpcomingViewController.swift */; };
		BDD91ECA2A30663A00900714 /* MatchLiveViewController.swift in Sources */ = {isa = PBXBuildFile; fileRef = BDD91EC92A30663A00900714 /* MatchLiveViewController.swift */; };
		BDD91ECE2A306C8100900714 /* UniversalTableViewCell.swift in Sources */ = {isa = PBXBuildFile; fileRef = BDD91ECC2A306C8100900714 /* UniversalTableViewCell.swift */; };
		BDD91ECF2A306C8100900714 /* UniversalTableViewCell.xib in Resources */ = {isa = PBXBuildFile; fileRef = BDD91ECD2A306C8100900714 /* UniversalTableViewCell.xib */; };
		BDD91ED32A31255700900714 /* MatchTableViewCell.swift in Sources */ = {isa = PBXBuildFile; fileRef = BDD91ED12A31255700900714 /* MatchTableViewCell.swift */; };
		BDD91ED42A31255700900714 /* MatchTableViewCell.xib in Resources */ = {isa = PBXBuildFile; fileRef = BDD91ED22A31255700900714 /* MatchTableViewCell.xib */; };
		BDE9FC622A37AE5A003A4558 /* FixturesBaseModel.swift in Sources */ = {isa = PBXBuildFile; fileRef = BDE9FC5F2A37AE5A003A4558 /* FixturesBaseModel.swift */; };
		BDE9FC632A37AE5A003A4558 /* EventsBase.swift in Sources */ = {isa = PBXBuildFile; fileRef = BDE9FC602A37AE5A003A4558 /* EventsBase.swift */; };
		BDE9FC642A37AE5A003A4558 /* StatisticModel.swift in Sources */ = {isa = PBXBuildFile; fileRef = BDE9FC612A37AE5A003A4558 /* StatisticModel.swift */; };
		BDE9FC692A37B185003A4558 /* SortedTableViewCell.swift in Sources */ = {isa = PBXBuildFile; fileRef = BDE9FC672A37B185003A4558 /* SortedTableViewCell.swift */; };
		BDE9FC6A2A37B185003A4558 /* SortedTableViewCell.xib in Resources */ = {isa = PBXBuildFile; fileRef = BDE9FC682A37B185003A4558 /* SortedTableViewCell.xib */; };
/* End PBXBuildFile section */

/* Begin PBXFileReference section */
		BD2CFF702A325D85007F3AA2 /* UpcomingTableViewCell.swift */ = {isa = PBXFileReference; lastKnownFileType = sourcecode.swift; path = UpcomingTableViewCell.swift; sourceTree = "<group>"; };
		BD2CFF712A325D85007F3AA2 /* UpcomingTableViewCell.xib */ = {isa = PBXFileReference; lastKnownFileType = file.xib; path = UpcomingTableViewCell.xib; sourceTree = "<group>"; };
		BD3244F92A2FA60500BA95D4 /* AllEventsViewController.swift */ = {isa = PBXFileReference; lastKnownFileType = sourcecode.swift; path = AllEventsViewController.swift; sourceTree = "<group>"; };
		BD3244FD2A2FA72C00BA95D4 /* AllEventsCollectionViewCell.swift */ = {isa = PBXFileReference; lastKnownFileType = sourcecode.swift; path = AllEventsCollectionViewCell.swift; sourceTree = "<group>"; };
		BD3244FE2A2FA72C00BA95D4 /* AllEventsCollectionViewCell.xib */ = {isa = PBXFileReference; lastKnownFileType = file.xib; path = AllEventsCollectionViewCell.xib; sourceTree = "<group>"; };
		BD33835B2A390B9900B84738 /* bookgif.gif */ = {isa = PBXFileReference; lastKnownFileType = image.gif; path = bookgif.gif; sourceTree = "<group>"; };
		BD33835D2A390D4600B84738 /* GifLoader.swift */ = {isa = PBXFileReference; lastKnownFileType = sourcecode.swift; path = GifLoader.swift; sourceTree = "<group>"; };
		BD33835F2A3A214500B84738 /* GetData.swift */ = {isa = PBXFileReference; lastKnownFileType = sourcecode.swift; path = GetData.swift; sourceTree = "<group>"; };
		BD3383622A3A52D100B84738 /* Seasons.swift */ = {isa = PBXFileReference; fileEncoding = 4; lastKnownFileType = sourcecode.swift; path = Seasons.swift; sourceTree = "<group>"; };
		BD3383632A3A52D100B84738 /* Parameters.swift */ = {isa = PBXFileReference; fileEncoding = 4; lastKnownFileType = sourcecode.swift; path = Parameters.swift; sourceTree = "<group>"; };
		BD3383642A3A52D100B84738 /* Paging.swift */ = {isa = PBXFileReference; fileEncoding = 4; lastKnownFileType = sourcecode.swift; path = Paging.swift; sourceTree = "<group>"; };
		BD3383652A3A52D200B84738 /* Country.swift */ = {isa = PBXFileReference; fileEncoding = 4; lastKnownFileType = sourcecode.swift; path = Country.swift; sourceTree = "<group>"; };
		BD3383662A3A52D200B84738 /* Response.swift */ = {isa = PBXFileReference; fileEncoding = 4; lastKnownFileType = sourcecode.swift; path = Response.swift; sourceTree = "<group>"; };
		BD3383672A3A52D200B84738 /* Json4Swift_Base.swift */ = {isa = PBXFileReference; fileEncoding = 4; lastKnownFileType = sourcecode.swift; path = Json4Swift_Base.swift; sourceTree = "<group>"; };
		BD3383682A3A52D200B84738 /* Coverage.swift */ = {isa = PBXFileReference; fileEncoding = 4; lastKnownFileType = sourcecode.swift; path = Coverage.swift; sourceTree = "<group>"; };
		BD3383692A3A52D200B84738 /* Fixtures.swift */ = {isa = PBXFileReference; fileEncoding = 4; lastKnownFileType = sourcecode.swift; path = Fixtures.swift; sourceTree = "<group>"; };
		BD33836A2A3A52D200B84738 /* League.swift */ = {isa = PBXFileReference; fileEncoding = 4; lastKnownFileType = sourcecode.swift; path = League.swift; sourceTree = "<group>"; };
		BD3383782A3AC9E400B84738 /* OneSignalNotificationServiceExtension.appex */ = {isa = PBXFileReference; explicitFileType = "wrapper.app-extension"; includeInIndex = 0; path = OneSignalNotificationServiceExtension.appex; sourceTree = BUILT_PRODUCTS_DIR; };
		BD33837A2A3AC9E400B84738 /* NotificationService.swift */ = {isa = PBXFileReference; lastKnownFileType = sourcecode.swift; path = NotificationService.swift; sourceTree = "<group>"; };
		BD33837C2A3AC9E400B84738 /* Info.plist */ = {isa = PBXFileReference; lastKnownFileType = text.plist.xml; path = Info.plist; sourceTree = "<group>"; };
		BD3383892A3ACA3C00B84738 /* Bookie.entitlements */ = {isa = PBXFileReference; lastKnownFileType = text.plist.entitlements; path = Bookie.entitlements; sourceTree = "<group>"; };
		BD33838D2A3ACC9900B84738 /* GoogleService-Info.plist */ = {isa = PBXFileReference; fileEncoding = 4; lastKnownFileType = text.plist.xml; path = "GoogleService-Info.plist"; sourceTree = "<group>"; };
		BD5C024B2A25373A005AA537 /* Bookie.app */ = {isa = PBXFileReference; explicitFileType = wrapper.application; includeInIndex = 0; path = Bookie.app; sourceTree = BUILT_PRODUCTS_DIR; };
		BD5C024E2A25373A005AA537 /* AppDelegate.swift */ = {isa = PBXFileReference; lastKnownFileType = sourcecode.swift; path = AppDelegate.swift; sourceTree = "<group>"; };
		BD5C02502A25373A005AA537 /* SceneDelegate.swift */ = {isa = PBXFileReference; lastKnownFileType = sourcecode.swift; path = SceneDelegate.swift; sourceTree = "<group>"; };
		BD5C02522A25373A005AA537 /* PreloaderController.swift */ = {isa = PBXFileReference; lastKnownFileType = sourcecode.swift; path = PreloaderController.swift; sourceTree = "<group>"; };
		BD5C02552A25373A005AA537 /* Base */ = {isa = PBXFileReference; lastKnownFileType = file.storyboard; name = Base; path = Base.lproj/Main.storyboard; sourceTree = "<group>"; };
		BD5C02572A25373C005AA537 /* Assets.xcassets */ = {isa = PBXFileReference; lastKnownFileType = folder.assetcatalog; path = Assets.xcassets; sourceTree = "<group>"; };
		BD5C025A2A25373C005AA537 /* Base */ = {isa = PBXFileReference; lastKnownFileType = file.storyboard; name = Base; path = Base.lproj/LaunchScreen.storyboard; sourceTree = "<group>"; };
		BD5C025C2A25373C005AA537 /* Info.plist */ = {isa = PBXFileReference; lastKnownFileType = text.plist.xml; path = Info.plist; sourceTree = "<group>"; };
		BD5C026C2A25398C005AA537 /* UIColor+extension.swift */ = {isa = PBXFileReference; lastKnownFileType = sourcecode.swift; path = "UIColor+extension.swift"; sourceTree = "<group>"; };
		BD5C02712A253B05005AA537 /* PreloaderModel.swift */ = {isa = PBXFileReference; lastKnownFileType = sourcecode.swift; path = PreloaderModel.swift; sourceTree = "<group>"; };
		BD5C02742A253B95005AA537 /* PreloaderCollectionViewCell.swift */ = {isa = PBXFileReference; lastKnownFileType = sourcecode.swift; path = PreloaderCollectionViewCell.swift; sourceTree = "<group>"; };
		BD5C02752A253B95005AA537 /* PreloaderCollectionViewCell.xib */ = {isa = PBXFileReference; lastKnownFileType = file.xib; path = PreloaderCollectionViewCell.xib; sourceTree = "<group>"; };
		BD5C02792A253CC1005AA537 /* SFPRODISPLAYBOLD.OTF */ = {isa = PBXFileReference; lastKnownFileType = file; path = SFPRODISPLAYBOLD.OTF; sourceTree = "<group>"; };
		BD5C027A2A253CC3005AA537 /* SFPRODISPLAYMEDIUM.OTF */ = {isa = PBXFileReference; lastKnownFileType = file; path = SFPRODISPLAYMEDIUM.OTF; sourceTree = "<group>"; };
		BD5C027E2A253D75005AA537 /* UIFont+ProDisplay.swift */ = {isa = PBXFileReference; lastKnownFileType = sourcecode.swift; path = "UIFont+ProDisplay.swift"; sourceTree = "<group>"; };
		BD5C02822A2682A7005AA537 /* InfoBaseRealm.swift */ = {isa = PBXFileReference; fileEncoding = 4; lastKnownFileType = sourcecode.swift; path = InfoBaseRealm.swift; sourceTree = "<group>"; };
		BD5C02A92A268DD5005AA537 /* MainViewController.swift */ = {isa = PBXFileReference; lastKnownFileType = sourcecode.swift; path = MainViewController.swift; sourceTree = "<group>"; };
		BD5C02AD2A27D2C1005AA537 /* SettingsViewController.swift */ = {isa = PBXFileReference; lastKnownFileType = sourcecode.swift; path = SettingsViewController.swift; sourceTree = "<group>"; };
		BD5C02B12A27DAA8005AA537 /* TermsViewController.swift */ = {isa = PBXFileReference; lastKnownFileType = sourcecode.swift; path = TermsViewController.swift; sourceTree = "<group>"; };
		BD82E51A2A2BC147005EEF71 /* UpcomingCollectionViewCell.swift */ = {isa = PBXFileReference; lastKnownFileType = sourcecode.swift; path = UpcomingCollectionViewCell.swift; sourceTree = "<group>"; };
		BD82E51B2A2BC147005EEF71 /* UpcomingCollectionViewCell.xib */ = {isa = PBXFileReference; lastKnownFileType = file.xib; path = UpcomingCollectionViewCell.xib; sourceTree = "<group>"; };
		BD82E51F2A2BD1D3005EEF71 /* CurrentCollectionViewCell.swift */ = {isa = PBXFileReference; lastKnownFileType = sourcecode.swift; path = CurrentCollectionViewCell.swift; sourceTree = "<group>"; };
		BD82E5202A2BD1D3005EEF71 /* CurrentCollectionViewCell.xib */ = {isa = PBXFileReference; lastKnownFileType = file.xib; path = CurrentCollectionViewCell.xib; sourceTree = "<group>"; };
		BD9E50E02A2D34A200996D82 /* PreferredViewController.swift */ = {isa = PBXFileReference; lastKnownFileType = sourcecode.swift; path = PreferredViewController.swift; sourceTree = "<group>"; };
		BD9E50E62A2D377E00996D82 /* SettingsTableViewCell.swift */ = {isa = PBXFileReference; lastKnownFileType = sourcecode.swift; path = SettingsTableViewCell.swift; sourceTree = "<group>"; };
		BD9E50E72A2D377E00996D82 /* SettingsTableViewCell.xib */ = {isa = PBXFileReference; lastKnownFileType = file.xib; path = SettingsTableViewCell.xib; sourceTree = "<group>"; };
		BD9E50ED2A2D3C1B00996D82 /* SettingsList.swift */ = {isa = PBXFileReference; lastKnownFileType = sourcecode.swift; path = SettingsList.swift; sourceTree = "<group>"; };
		BDA9022D2A2DBCE1000AA5F9 /* ProfileTableViewCell.swift */ = {isa = PBXFileReference; lastKnownFileType = sourcecode.swift; path = ProfileTableViewCell.swift; sourceTree = "<group>"; };
		BDA9022E2A2DBCE1000AA5F9 /* ProfileTableViewCell.xib */ = {isa = PBXFileReference; lastKnownFileType = file.xib; path = ProfileTableViewCell.xib; sourceTree = "<group>"; };
		BDA902342A2DBF12000AA5F9 /* ProfileViewController.swift */ = {isa = PBXFileReference; lastKnownFileType = sourcecode.swift; path = ProfileViewController.swift; sourceTree = "<group>"; };
		BDA902392A2DC63A000AA5F9 /* SortedViewController.swift */ = {isa = PBXFileReference; lastKnownFileType = sourcecode.swift; path = SortedViewController.swift; sourceTree = "<group>"; };
		BDD91EC32A30660000900714 /* LineUpViewController.swift */ = {isa = PBXFileReference; lastKnownFileType = sourcecode.swift; path = LineUpViewController.swift; sourceTree = "<group>"; };
		BDD91EC52A30661400900714 /* StandingsViewController.swift */ = {isa = PBXFileReference; lastKnownFileType = sourcecode.swift; path = StandingsViewController.swift; sourceTree = "<group>"; };
		BDD91EC72A30662500900714 /* UpcomingViewController.swift */ = {isa = PBXFileReference; lastKnownFileType = sourcecode.swift; path = UpcomingViewController.swift; sourceTree = "<group>"; };
		BDD91EC92A30663A00900714 /* MatchLiveViewController.swift */ = {isa = PBXFileReference; lastKnownFileType = sourcecode.swift; path = MatchLiveViewController.swift; sourceTree = "<group>"; };
		BDD91ECC2A306C8100900714 /* UniversalTableViewCell.swift */ = {isa = PBXFileReference; lastKnownFileType = sourcecode.swift; path = UniversalTableViewCell.swift; sourceTree = "<group>"; };
		BDD91ECD2A306C8100900714 /* UniversalTableViewCell.xib */ = {isa = PBXFileReference; lastKnownFileType = file.xib; path = UniversalTableViewCell.xib; sourceTree = "<group>"; };
		BDD91ED12A31255700900714 /* MatchTableViewCell.swift */ = {isa = PBXFileReference; lastKnownFileType = sourcecode.swift; path = MatchTableViewCell.swift; sourceTree = "<group>"; };
		BDD91ED22A31255700900714 /* MatchTableViewCell.xib */ = {isa = PBXFileReference; lastKnownFileType = file.xib; path = MatchTableViewCell.xib; sourceTree = "<group>"; };
		BDE9FC5F2A37AE5A003A4558 /* FixturesBaseModel.swift */ = {isa = PBXFileReference; fileEncoding = 4; lastKnownFileType = sourcecode.swift; path = FixturesBaseModel.swift; sourceTree = "<group>"; };
		BDE9FC602A37AE5A003A4558 /* EventsBase.swift */ = {isa = PBXFileReference; fileEncoding = 4; lastKnownFileType = sourcecode.swift; path = EventsBase.swift; sourceTree = "<group>"; };
		BDE9FC612A37AE5A003A4558 /* StatisticModel.swift */ = {isa = PBXFileReference; fileEncoding = 4; lastKnownFileType = sourcecode.swift; path = StatisticModel.swift; sourceTree = "<group>"; };
		BDE9FC672A37B185003A4558 /* SortedTableViewCell.swift */ = {isa = PBXFileReference; lastKnownFileType = sourcecode.swift; path = SortedTableViewCell.swift; sourceTree = "<group>"; };
		BDE9FC682A37B185003A4558 /* SortedTableViewCell.xib */ = {isa = PBXFileReference; lastKnownFileType = file.xib; path = SortedTableViewCell.xib; sourceTree = "<group>"; };
/* End PBXFileReference section */

/* Begin PBXFrameworksBuildPhase section */
		BD3383752A3AC9E400B84738 /* Frameworks */ = {
			isa = PBXFrameworksBuildPhase;
			buildActionMask = 2147483647;
			files = (
			);
			runOnlyForDeploymentPostprocessing = 0;
		};
		BD5C02482A25373A005AA537 /* Frameworks */ = {
			isa = PBXFrameworksBuildPhase;
			buildActionMask = 2147483647;
			files = (
				BD3383882A3ACA1500B84738 /* OneSignalExtension in Frameworks */,
				BD33838C2A3ACACB00B84738 /* AppsFlyerLib in Frameworks */,
				BD5C02A62A26847B005AA537 /* RealmSwift in Frameworks */,
				BD5C026A2A253777005AA537 /* Kingfisher in Frameworks */,
				BD3383932A3ACCFD00B84738 /* FirebaseAnalyticsSwift in Frameworks */,
				BDA902332A2DBDBD000AA5F9 /* ALProgressView in Frameworks */,
				BD5C02642A25375D005AA537 /* Alamofire in Frameworks */,
				BD5C02672A25376B005AA537 /* SnapKit in Frameworks */,
				BD3383862A3ACA1500B84738 /* OneSignal in Frameworks */,
				BD3383912A3ACCFD00B84738 /* FirebaseAnalytics in Frameworks */,
			);
			runOnlyForDeploymentPostprocessing = 0;
		};
/* End PBXFrameworksBuildPhase section */

/* Begin PBXGroup section */
		BD2CFF6F2A325D71007F3AA2 /* Cell */ = {
			isa = PBXGroup;
			children = (
				BD2CFF702A325D85007F3AA2 /* UpcomingTableViewCell.swift */,
				BD2CFF712A325D85007F3AA2 /* UpcomingTableViewCell.xib */,
			);
			path = Cell;
			sourceTree = "<group>";
		};
		BD3244F62A2FA4B700BA95D4 /* Modules */ = {
			isa = PBXGroup;
			children = (
				BD3244F72A2FA5E300BA95D4 /* AllEvents */,
				BD5C02A72A268DAA005AA537 /* MAin */,
				BD5C026E2A253AD6005AA537 /* Preloader */,
				BD5C02AF2A27DA8B005AA537 /* Terms */,
				BD9E50DE2A2D346C00996D82 /* Preferred */,
				BD9E50E22A2D373A00996D82 /* Menu */,
				BDA902292A2DBCA1000AA5F9 /* Profile */,
				BDD91EBF2A30637300900714 /* MatchLive */,
				BDD91EBB2A3062FB00900714 /* Upcoming */,
				BDD91EB72A3062D200900714 /* Standings */,
				BDD91EB32A3062AC00900714 /* LineUp */,
				BDA902372A2DC621000AA5F9 /* Sorted */,
			);
			path = Modules;
			sourceTree = "<group>";
		};
		BD3244F72A2FA5E300BA95D4 /* AllEvents */ = {
			isa = PBXGroup;
			children = (
				BD3244FB2A2FA70200BA95D4 /* View */,
				BD3244F82A2FA5EF00BA95D4 /* Controller */,
			);
			path = AllEvents;
			sourceTree = "<group>";
		};
		BD3244F82A2FA5EF00BA95D4 /* Controller */ = {
			isa = PBXGroup;
			children = (
				BD3244F92A2FA60500BA95D4 /* AllEventsViewController.swift */,
			);
			path = Controller;
			sourceTree = "<group>";
		};
		BD3244FB2A2FA70200BA95D4 /* View */ = {
			isa = PBXGroup;
			children = (
				BD3244FC2A2FA71200BA95D4 /* Cell */,
			);
			path = View;
			sourceTree = "<group>";
		};
		BD3244FC2A2FA71200BA95D4 /* Cell */ = {
			isa = PBXGroup;
			children = (
				BD3244FD2A2FA72C00BA95D4 /* AllEventsCollectionViewCell.swift */,
				BD3244FE2A2FA72C00BA95D4 /* AllEventsCollectionViewCell.xib */,
			);
			path = Cell;
			sourceTree = "<group>";
		};
		BD3383612A3A52C500B84738 /* League */ = {
			isa = PBXGroup;
			children = (
				BD3383652A3A52D200B84738 /* Country.swift */,
				BD3383682A3A52D200B84738 /* Coverage.swift */,
				BD3383692A3A52D200B84738 /* Fixtures.swift */,
				BD3383672A3A52D200B84738 /* Json4Swift_Base.swift */,
				BD33836A2A3A52D200B84738 /* League.swift */,
				BD3383642A3A52D100B84738 /* Paging.swift */,
				BD3383632A3A52D100B84738 /* Parameters.swift */,
				BD3383662A3A52D200B84738 /* Response.swift */,
				BD3383622A3A52D100B84738 /* Seasons.swift */,
			);
			path = League;
			sourceTree = "<group>";
		};
		BD3383792A3AC9E400B84738 /* OneSignalNotificationServiceExtension */ = {
			isa = PBXGroup;
			children = (
				BD33837A2A3AC9E400B84738 /* NotificationService.swift */,
				BD33837C2A3AC9E400B84738 /* Info.plist */,
			);
			path = OneSignalNotificationServiceExtension;
			sourceTree = "<group>";
		};
		BD5C02422A25373A005AA537 = {
			isa = PBXGroup;
			children = (
				BD5C024D2A25373A005AA537 /* Bookie */,
				BD3383792A3AC9E400B84738 /* OneSignalNotificationServiceExtension */,
				BD5C024C2A25373A005AA537 /* Products */,
			);
			sourceTree = "<group>";
		};
		BD5C024C2A25373A005AA537 /* Products */ = {
			isa = PBXGroup;
			children = (
				BD5C024B2A25373A005AA537 /* Bookie.app */,
				BD3383782A3AC9E400B84738 /* OneSignalNotificationServiceExtension.appex */,
			);
			name = Products;
			sourceTree = "<group>";
		};
		BD5C024D2A25373A005AA537 /* Bookie */ = {
			isa = PBXGroup;
			children = (
				BD3383892A3ACA3C00B84738 /* Bookie.entitlements */,
				BD3244F62A2FA4B700BA95D4 /* Modules */,
				BD5C02802A268295005AA537 /* Model */,
				BD5C027D2A253CF1005AA537 /* Fonts */,
				BD5C02782A253C56005AA537 /* Application */,
				BD5C026B2A253963005AA537 /* Extensions */,
				BD5C02542A25373A005AA537 /* Main.storyboard */,
				BD5C02572A25373C005AA537 /* Assets.xcassets */,
				BD33835B2A390B9900B84738 /* bookgif.gif */,
				BD5C02592A25373C005AA537 /* LaunchScreen.storyboard */,
				BD33838D2A3ACC9900B84738 /* GoogleService-Info.plist */,
				BD5C025C2A25373C005AA537 /* Info.plist */,
			);
			path = Bookie;
			sourceTree = "<group>";
		};
		BD5C026B2A253963005AA537 /* Extensions */ = {
			isa = PBXGroup;
			children = (
				BD5C026C2A25398C005AA537 /* UIColor+extension.swift */,
				BD5C027E2A253D75005AA537 /* UIFont+ProDisplay.swift */,
				BD33835F2A3A214500B84738 /* GetData.swift */,
			);
			path = Extensions;
			sourceTree = "<group>";
		};
		BD5C026E2A253AD6005AA537 /* Preloader */ = {
			isa = PBXGroup;
			children = (
				BD5C02732A253B73005AA537 /* Cell */,
				BD5C02702A253AE5005AA537 /* Controller */,
				BD5C026F2A253ADF005AA537 /* Model */,
			);
			path = Preloader;
			sourceTree = "<group>";
		};
		BD5C026F2A253ADF005AA537 /* Model */ = {
			isa = PBXGroup;
			children = (
				BD5C02712A253B05005AA537 /* PreloaderModel.swift */,
				BD33835D2A390D4600B84738 /* GifLoader.swift */,
			);
			path = Model;
			sourceTree = "<group>";
		};
		BD5C02702A253AE5005AA537 /* Controller */ = {
			isa = PBXGroup;
			children = (
				BD5C02522A25373A005AA537 /* PreloaderController.swift */,
			);
			path = Controller;
			sourceTree = "<group>";
		};
		BD5C02732A253B73005AA537 /* Cell */ = {
			isa = PBXGroup;
			children = (
				BD5C02742A253B95005AA537 /* PreloaderCollectionViewCell.swift */,
				BD5C02752A253B95005AA537 /* PreloaderCollectionViewCell.xib */,
			);
			path = Cell;
			sourceTree = "<group>";
		};
		BD5C02782A253C56005AA537 /* Application */ = {
			isa = PBXGroup;
			children = (
				BD5C024E2A25373A005AA537 /* AppDelegate.swift */,
				BD5C02502A25373A005AA537 /* SceneDelegate.swift */,
			);
			path = Application;
			sourceTree = "<group>";
		};
		BD5C027D2A253CF1005AA537 /* Fonts */ = {
			isa = PBXGroup;
			children = (
				BD5C02792A253CC1005AA537 /* SFPRODISPLAYBOLD.OTF */,
				BD5C027A2A253CC3005AA537 /* SFPRODISPLAYMEDIUM.OTF */,
			);
			path = Fonts;
			sourceTree = "<group>";
		};
		BD5C02802A268295005AA537 /* Model */ = {
			isa = PBXGroup;
			children = (
				BD3383612A3A52C500B84738 /* League */,
				BDE9FC5E2A37AE5A003A4558 /* NetWorking */,
				BD5C02812A2682A7005AA537 /* Relm Model */,
			);
			path = Model;
			sourceTree = "<group>";
		};
		BD5C02812A2682A7005AA537 /* Relm Model */ = {
			isa = PBXGroup;
			children = (
				BD5C02822A2682A7005AA537 /* InfoBaseRealm.swift */,
			);
			path = "Relm Model";
			sourceTree = "<group>";
		};
		BD5C02A72A268DAA005AA537 /* MAin */ = {
			isa = PBXGroup;
			children = (
				BD82E5192A2BC123005EEF71 /* View */,
				BD5C02A82A268DBB005AA537 /* Controller */,
			);
			path = MAin;
			sourceTree = "<group>";
		};
		BD5C02A82A268DBB005AA537 /* Controller */ = {
			isa = PBXGroup;
			children = (
				BD5C02A92A268DD5005AA537 /* MainViewController.swift */,
			);
			path = Controller;
			sourceTree = "<group>";
		};
		BD5C02AC2A27D2A8005AA537 /* Controller */ = {
			isa = PBXGroup;
			children = (
				BD5C02AD2A27D2C1005AA537 /* SettingsViewController.swift */,
			);
			path = Controller;
			sourceTree = "<group>";
		};
		BD5C02AF2A27DA8B005AA537 /* Terms */ = {
			isa = PBXGroup;
			children = (
				BD5C02B02A27DA94005AA537 /* Controller */,
			);
			path = Terms;
			sourceTree = "<group>";
		};
		BD5C02B02A27DA94005AA537 /* Controller */ = {
			isa = PBXGroup;
			children = (
				BD5C02B12A27DAA8005AA537 /* TermsViewController.swift */,
			);
			path = Controller;
			sourceTree = "<group>";
		};
		BD82E5192A2BC123005EEF71 /* View */ = {
			isa = PBXGroup;
			children = (
				BD82E51E2A2BD178005EEF71 /* CurrentCell */,
				BD82E51A2A2BC147005EEF71 /* UpcomingCollectionViewCell.swift */,
				BD82E51B2A2BC147005EEF71 /* UpcomingCollectionViewCell.xib */,
			);
			path = View;
			sourceTree = "<group>";
		};
		BD82E51E2A2BD178005EEF71 /* CurrentCell */ = {
			isa = PBXGroup;
			children = (
				BD82E51F2A2BD1D3005EEF71 /* CurrentCollectionViewCell.swift */,
				BD82E5202A2BD1D3005EEF71 /* CurrentCollectionViewCell.xib */,
			);
			path = CurrentCell;
			sourceTree = "<group>";
		};
		BD9E50DE2A2D346C00996D82 /* Preferred */ = {
			isa = PBXGroup;
			children = (
				BD9E50DF2A2D347F00996D82 /* Controler */,
			);
			path = Preferred;
			sourceTree = "<group>";
		};
		BD9E50DF2A2D347F00996D82 /* Controler */ = {
			isa = PBXGroup;
			children = (
				BD9E50E02A2D34A200996D82 /* PreferredViewController.swift */,
			);
			path = Controler;
			sourceTree = "<group>";
		};
		BD9E50E22A2D373A00996D82 /* Menu */ = {
			isa = PBXGroup;
			children = (
				BD9E50EC2A2D3C0800996D82 /* Model */,
				BD5C02AC2A27D2A8005AA537 /* Controller */,
				BD9E50E42A2D374B00996D82 /* View */,
			);
			path = Menu;
			sourceTree = "<group>";
		};
		BD9E50E42A2D374B00996D82 /* View */ = {
			isa = PBXGroup;
			children = (
				BD9E50E52A2D375300996D82 /* Cell */,
			);
			path = View;
			sourceTree = "<group>";
		};
		BD9E50E52A2D375300996D82 /* Cell */ = {
			isa = PBXGroup;
			children = (
				BD9E50E62A2D377E00996D82 /* SettingsTableViewCell.swift */,
				BD9E50E72A2D377E00996D82 /* SettingsTableViewCell.xib */,
			);
			path = Cell;
			sourceTree = "<group>";
		};
		BD9E50EC2A2D3C0800996D82 /* Model */ = {
			isa = PBXGroup;
			children = (
				BD9E50ED2A2D3C1B00996D82 /* SettingsList.swift */,
			);
			path = Model;
			sourceTree = "<group>";
		};
		BDA902292A2DBCA1000AA5F9 /* Profile */ = {
			isa = PBXGroup;
			children = (
				BDA9022B2A2DBCAF000AA5F9 /* View */,
				BDA9022A2A2DBCA9000AA5F9 /* Controller */,
			);
			path = Profile;
			sourceTree = "<group>";
		};
		BDA9022A2A2DBCA9000AA5F9 /* Controller */ = {
			isa = PBXGroup;
			children = (
				BDA902342A2DBF12000AA5F9 /* ProfileViewController.swift */,
			);
			path = Controller;
			sourceTree = "<group>";
		};
		BDA9022B2A2DBCAF000AA5F9 /* View */ = {
			isa = PBXGroup;
			children = (
				BDA9022C2A2DBCB6000AA5F9 /* Cell */,
			);
			path = View;
			sourceTree = "<group>";
		};
		BDA9022C2A2DBCB6000AA5F9 /* Cell */ = {
			isa = PBXGroup;
			children = (
				BDA9022D2A2DBCE1000AA5F9 /* ProfileTableViewCell.swift */,
				BDA9022E2A2DBCE1000AA5F9 /* ProfileTableViewCell.xib */,
			);
			path = Cell;
			sourceTree = "<group>";
		};
		BDA902372A2DC621000AA5F9 /* Sorted */ = {
			isa = PBXGroup;
			children = (
				BDE9FC652A37B16A003A4558 /* View */,
				BDA902382A2DC627000AA5F9 /* Controller */,
			);
			path = Sorted;
			sourceTree = "<group>";
		};
		BDA902382A2DC627000AA5F9 /* Controller */ = {
			isa = PBXGroup;
			children = (
				BDA902392A2DC63A000AA5F9 /* SortedViewController.swift */,
			);
			path = Controller;
			sourceTree = "<group>";
		};
		BDD91EB32A3062AC00900714 /* LineUp */ = {
			isa = PBXGroup;
			children = (
				BDD91EB62A3062BF00900714 /* Controller */,
				BDD91EB52A3062B900900714 /* View */,
				BDD91EB42A3062B400900714 /* Model */,
			);
			path = LineUp;
			sourceTree = "<group>";
		};
		BDD91EB42A3062B400900714 /* Model */ = {
			isa = PBXGroup;
			children = (
			);
			path = Model;
			sourceTree = "<group>";
		};
		BDD91EB52A3062B900900714 /* View */ = {
			isa = PBXGroup;
			children = (
			);
			path = View;
			sourceTree = "<group>";
		};
		BDD91EB62A3062BF00900714 /* Controller */ = {
			isa = PBXGroup;
			children = (
				BDD91EC32A30660000900714 /* LineUpViewController.swift */,
			);
			path = Controller;
			sourceTree = "<group>";
		};
		BDD91EB72A3062D200900714 /* Standings */ = {
			isa = PBXGroup;
			children = (
				BDD91EBA2A3062E700900714 /* View */,
				BDD91EB92A3062E200900714 /* Model */,
				BDD91EB82A3062DA00900714 /* Controller */,
			);
			path = Standings;
			sourceTree = "<group>";
		};
		BDD91EB82A3062DA00900714 /* Controller */ = {
			isa = PBXGroup;
			children = (
				BDD91EC52A30661400900714 /* StandingsViewController.swift */,
			);
			path = Controller;
			sourceTree = "<group>";
		};
		BDD91EB92A3062E200900714 /* Model */ = {
			isa = PBXGroup;
			children = (
			);
			path = Model;
			sourceTree = "<group>";
		};
		BDD91EBA2A3062E700900714 /* View */ = {
			isa = PBXGroup;
			children = (
				BDD91ECB2A306C6500900714 /* Cell */,
			);
			path = View;
			sourceTree = "<group>";
		};
		BDD91EBB2A3062FB00900714 /* Upcoming */ = {
			isa = PBXGroup;
			children = (
				BDD91EBE2A30631200900714 /* View */,
				BDD91EBD2A30630B00900714 /* Controller */,
				BDD91EBC2A30630500900714 /* Model */,
			);
			path = Upcoming;
			sourceTree = "<group>";
		};
		BDD91EBC2A30630500900714 /* Model */ = {
			isa = PBXGroup;
			children = (
			);
			path = Model;
			sourceTree = "<group>";
		};
		BDD91EBD2A30630B00900714 /* Controller */ = {
			isa = PBXGroup;
			children = (
				BDD91EC72A30662500900714 /* UpcomingViewController.swift */,
			);
			path = Controller;
			sourceTree = "<group>";
		};
		BDD91EBE2A30631200900714 /* View */ = {
			isa = PBXGroup;
			children = (
				BD2CFF6F2A325D71007F3AA2 /* Cell */,
			);
			path = View;
			sourceTree = "<group>";
		};
		BDD91EBF2A30637300900714 /* MatchLive */ = {
			isa = PBXGroup;
			children = (
				BDD91EC22A30638600900714 /* Model */,
				BDD91EC12A30638100900714 /* View */,
				BDD91EC02A30637C00900714 /* Controller */,
			);
			path = MatchLive;
			sourceTree = "<group>";
		};
		BDD91EC02A30637C00900714 /* Controller */ = {
			isa = PBXGroup;
			children = (
				BDD91EC92A30663A00900714 /* MatchLiveViewController.swift */,
			);
			path = Controller;
			sourceTree = "<group>";
		};
		BDD91EC12A30638100900714 /* View */ = {
			isa = PBXGroup;
			children = (
				BDD91ED02A31254100900714 /* Cell */,
			);
			path = View;
			sourceTree = "<group>";
		};
		BDD91EC22A30638600900714 /* Model */ = {
			isa = PBXGroup;
			children = (
			);
			path = Model;
			sourceTree = "<group>";
		};
		BDD91ECB2A306C6500900714 /* Cell */ = {
			isa = PBXGroup;
			children = (
				BDD91ECC2A306C8100900714 /* UniversalTableViewCell.swift */,
				BDD91ECD2A306C8100900714 /* UniversalTableViewCell.xib */,
			);
			path = Cell;
			sourceTree = "<group>";
		};
		BDD91ED02A31254100900714 /* Cell */ = {
			isa = PBXGroup;
			children = (
				BDD91ED12A31255700900714 /* MatchTableViewCell.swift */,
				BDD91ED22A31255700900714 /* MatchTableViewCell.xib */,
			);
			path = Cell;
			sourceTree = "<group>";
		};
		BDE9FC5E2A37AE5A003A4558 /* NetWorking */ = {
			isa = PBXGroup;
			children = (
				BDE9FC5F2A37AE5A003A4558 /* FixturesBaseModel.swift */,
				BDE9FC602A37AE5A003A4558 /* EventsBase.swift */,
				BDE9FC612A37AE5A003A4558 /* StatisticModel.swift */,
			);
			path = NetWorking;
			sourceTree = "<group>";
		};
		BDE9FC652A37B16A003A4558 /* View */ = {
			isa = PBXGroup;
			children = (
				BDE9FC662A37B170003A4558 /* Cell */,
			);
			path = View;
			sourceTree = "<group>";
		};
		BDE9FC662A37B170003A4558 /* Cell */ = {
			isa = PBXGroup;
			children = (
				BDE9FC672A37B185003A4558 /* SortedTableViewCell.swift */,
				BDE9FC682A37B185003A4558 /* SortedTableViewCell.xib */,
			);
			path = Cell;
			sourceTree = "<group>";
		};
/* End PBXGroup section */

/* Begin PBXNativeTarget section */
		BD3383772A3AC9E400B84738 /* OneSignalNotificationServiceExtension */ = {
			isa = PBXNativeTarget;
			buildConfigurationList = BD3383802A3AC9E400B84738 /* Build configuration list for PBXNativeTarget "OneSignalNotificationServiceExtension" */;
			buildPhases = (
				BD3383742A3AC9E400B84738 /* Sources */,
				BD3383752A3AC9E400B84738 /* Frameworks */,
				BD3383762A3AC9E400B84738 /* Resources */,
			);
			buildRules = (
			);
			dependencies = (
			);
			name = OneSignalNotificationServiceExtension;
			productName = OneSignalNotificationServiceExtension;
			productReference = BD3383782A3AC9E400B84738 /* OneSignalNotificationServiceExtension.appex */;
			productType = "com.apple.product-type.app-extension";
		};
		BD5C024A2A25373A005AA537 /* Bookie */ = {
			isa = PBXNativeTarget;
			buildConfigurationList = BD5C025F2A25373C005AA537 /* Build configuration list for PBXNativeTarget "Bookie" */;
			buildPhases = (
				BD5C02472A25373A005AA537 /* Sources */,
				BD5C02482A25373A005AA537 /* Frameworks */,
				BD5C02492A25373A005AA537 /* Resources */,
			);
			buildRules = (
			);
			dependencies = (
			);
			name = Bookie;
			packageProductDependencies = (
				BD5C02632A25375D005AA537 /* Alamofire */,
				BD5C02662A25376B005AA537 /* SnapKit */,
				BD5C02692A253777005AA537 /* Kingfisher */,
				BD5C02A52A26847B005AA537 /* RealmSwift */,
				BDA902322A2DBDBD000AA5F9 /* ALProgressView */,
				BD3383852A3ACA1500B84738 /* OneSignal */,
				BD3383872A3ACA1500B84738 /* OneSignalExtension */,
				BD33838B2A3ACACB00B84738 /* AppsFlyerLib */,
				BD3383902A3ACCFD00B84738 /* FirebaseAnalytics */,
				BD3383922A3ACCFD00B84738 /* FirebaseAnalyticsSwift */,
			);
			productName = Bookie;
			productReference = BD5C024B2A25373A005AA537 /* Bookie.app */;
			productType = "com.apple.product-type.application";
		};
/* End PBXNativeTarget section */

/* Begin PBXProject section */
		BD5C02432A25373A005AA537 /* Project object */ = {
			isa = PBXProject;
			attributes = {
				BuildIndependentTargetsInParallel = 1;
				LastSwiftUpdateCheck = 1430;
				LastUpgradeCheck = 1430;
				TargetAttributes = {
					BD3383772A3AC9E400B84738 = {
						CreatedOnToolsVersion = 14.3;
					};
					BD5C024A2A25373A005AA537 = {
						CreatedOnToolsVersion = 14.3;
					};
				};
			};
			buildConfigurationList = BD5C02462A25373A005AA537 /* Build configuration list for PBXProject "Bookie" */;
			compatibilityVersion = "Xcode 14.0";
			developmentRegion = en;
			hasScannedForEncodings = 0;
			knownRegions = (
				en,
				Base,
			);
			mainGroup = BD5C02422A25373A005AA537;
			packageReferences = (
				BD5C02622A25375C005AA537 /* XCRemoteSwiftPackageReference "Alamofire" */,
				BD5C02652A25376B005AA537 /* XCRemoteSwiftPackageReference "SnapKit" */,
				BD5C02682A253777005AA537 /* XCRemoteSwiftPackageReference "Kingfisher" */,
				BD5C02A42A26847B005AA537 /* XCRemoteSwiftPackageReference "realm-swift" */,
				BDA902312A2DBDBD000AA5F9 /* XCRemoteSwiftPackageReference "ALProgressView" */,
				BD3383842A3ACA1500B84738 /* XCRemoteSwiftPackageReference "OneSignal-XCFramework" */,
				BD33838A2A3ACACB00B84738 /* XCRemoteSwiftPackageReference "AppsFlyerFramework" */,
				BD33838F2A3ACCFD00B84738 /* XCRemoteSwiftPackageReference "firebase-ios-sdk" */,
			);
			productRefGroup = BD5C024C2A25373A005AA537 /* Products */;
			projectDirPath = "";
			projectRoot = "";
			targets = (
				BD5C024A2A25373A005AA537 /* Bookie */,
				BD3383772A3AC9E400B84738 /* OneSignalNotificationServiceExtension */,
			);
		};
/* End PBXProject section */

/* Begin PBXResourcesBuildPhase section */
		BD3383762A3AC9E400B84738 /* Resources */ = {
			isa = PBXResourcesBuildPhase;
			buildActionMask = 2147483647;
			files = (
			);
			runOnlyForDeploymentPostprocessing = 0;
		};
		BD5C02492A25373A005AA537 /* Resources */ = {
			isa = PBXResourcesBuildPhase;
			buildActionMask = 2147483647;
			files = (
				BD33835C2A390B9900B84738 /* bookgif.gif in Resources */,
				BD82E5222A2BD1D3005EEF71 /* CurrentCollectionViewCell.xib in Resources */,
				BD5C027C2A253CC3005AA537 /* SFPRODISPLAYMEDIUM.OTF in Resources */,
				BD5C025B2A25373C005AA537 /* LaunchScreen.storyboard in Resources */,
				BD2CFF732A325D85007F3AA2 /* UpcomingTableViewCell.xib in Resources */,
				BD9E50E92A2D377E00996D82 /* SettingsTableViewCell.xib in Resources */,
				BD33838E2A3ACC9900B84738 /* GoogleService-Info.plist in Resources */,
				BD5C02772A253B95005AA537 /* PreloaderCollectionViewCell.xib in Resources */,
				BD82E51D2A2BC147005EEF71 /* UpcomingCollectionViewCell.xib in Resources */,
				BD5C02582A25373C005AA537 /* Assets.xcassets in Resources */,
				BDD91ECF2A306C8100900714 /* UniversalTableViewCell.xib in Resources */,
				BD5C027B2A253CC3005AA537 /* SFPRODISPLAYBOLD.OTF in Resources */,
				BD3245002A2FA72C00BA95D4 /* AllEventsCollectionViewCell.xib in Resources */,
				BDE9FC6A2A37B185003A4558 /* SortedTableViewCell.xib in Resources */,
				BDD91ED42A31255700900714 /* MatchTableViewCell.xib in Resources */,
				BD5C02562A25373A005AA537 /* Main.storyboard in Resources */,
				BDA902302A2DBCE1000AA5F9 /* ProfileTableViewCell.xib in Resources */,
			);
			runOnlyForDeploymentPostprocessing = 0;
		};
/* End PBXResourcesBuildPhase section */

/* Begin PBXSourcesBuildPhase section */
		BD3383742A3AC9E400B84738 /* Sources */ = {
			isa = PBXSourcesBuildPhase;
			buildActionMask = 2147483647;
			files = (
				BD33837B2A3AC9E400B84738 /* NotificationService.swift in Sources */,
			);
			runOnlyForDeploymentPostprocessing = 0;
		};
		BD5C02472A25373A005AA537 /* Sources */ = {
			isa = PBXSourcesBuildPhase;
			buildActionMask = 2147483647;
			files = (
				BD5C02AA2A268DD5005AA537 /* MainViewController.swift in Sources */,
				BDD91EC62A30661400900714 /* StandingsViewController.swift in Sources */,
				BD9E50EE2A2D3C1B00996D82 /* SettingsList.swift in Sources */,
				BD33835E2A390D4600B84738 /* GifLoader.swift in Sources */,
				BDA9022F2A2DBCE1000AA5F9 /* ProfileTableViewCell.swift in Sources */,
				BD3383732A3A52D200B84738 /* League.swift in Sources */,
				BD3383722A3A52D200B84738 /* Fixtures.swift in Sources */,
				BDD91ED32A31255700900714 /* MatchTableViewCell.swift in Sources */,
				BDA902352A2DBF12000AA5F9 /* ProfileViewController.swift in Sources */,
				BD5C02532A25373A005AA537 /* PreloaderController.swift in Sources */,
				BD3383602A3A214500B84738 /* GetData.swift in Sources */,
				BDD91ECE2A306C8100900714 /* UniversalTableViewCell.swift in Sources */,
				BDE9FC692A37B185003A4558 /* SortedTableViewCell.swift in Sources */,
				BD82E5212A2BD1D3005EEF71 /* CurrentCollectionViewCell.swift in Sources */,
				BDD91EC82A30662500900714 /* UpcomingViewController.swift in Sources */,
				BD3383702A3A52D200B84738 /* Json4Swift_Base.swift in Sources */,
				BD33836B2A3A52D200B84738 /* Seasons.swift in Sources */,
				BD5C024F2A25373A005AA537 /* AppDelegate.swift in Sources */,
				BD5C02B22A27DAA8005AA537 /* TermsViewController.swift in Sources */,
				BD5C02722A253B05005AA537 /* PreloaderModel.swift in Sources */,
				BD5C02512A25373A005AA537 /* SceneDelegate.swift in Sources */,
				BD9E50E82A2D377E00996D82 /* SettingsTableViewCell.swift in Sources */,
				BD33836F2A3A52D200B84738 /* Response.swift in Sources */,
				BDE9FC632A37AE5A003A4558 /* EventsBase.swift in Sources */,
				BD3244FA2A2FA60500BA95D4 /* AllEventsViewController.swift in Sources */,
				BD82E51C2A2BC147005EEF71 /* UpcomingCollectionViewCell.swift in Sources */,
				BD3383712A3A52D200B84738 /* Coverage.swift in Sources */,
				BDD91ECA2A30663A00900714 /* MatchLiveViewController.swift in Sources */,
				BD5C027F2A253D75005AA537 /* UIFont+ProDisplay.swift in Sources */,
				BD3244FF2A2FA72C00BA95D4 /* AllEventsCollectionViewCell.swift in Sources */,
				BDE9FC622A37AE5A003A4558 /* FixturesBaseModel.swift in Sources */,
				BD33836E2A3A52D200B84738 /* Country.swift in Sources */,
				BD2CFF722A325D85007F3AA2 /* UpcomingTableViewCell.swift in Sources */,
				BD5C026D2A25398C005AA537 /* UIColor+extension.swift in Sources */,
				BD9E50E12A2D34A200996D82 /* PreferredViewController.swift in Sources */,
				BD5C028A2A2682A8005AA537 /* InfoBaseRealm.swift in Sources */,
				BD33836D2A3A52D200B84738 /* Paging.swift in Sources */,
				BDA9023A2A2DC63A000AA5F9 /* SortedViewController.swift in Sources */,
				BD5C02762A253B95005AA537 /* PreloaderCollectionViewCell.swift in Sources */,
				BDD91EC42A30660000900714 /* LineUpViewController.swift in Sources */,
				BD5C02AE2A27D2C1005AA537 /* SettingsViewController.swift in Sources */,
				BDE9FC642A37AE5A003A4558 /* StatisticModel.swift in Sources */,
				BD33836C2A3A52D200B84738 /* Parameters.swift in Sources */,
			);
			runOnlyForDeploymentPostprocessing = 0;
		};
/* End PBXSourcesBuildPhase section */

/* Begin PBXVariantGroup section */
		BD5C02542A25373A005AA537 /* Main.storyboard */ = {
			isa = PBXVariantGroup;
			children = (
				BD5C02552A25373A005AA537 /* Base */,
			);
			name = Main.storyboard;
			sourceTree = "<group>";
		};
		BD5C02592A25373C005AA537 /* LaunchScreen.storyboard */ = {
			isa = PBXVariantGroup;
			children = (
				BD5C025A2A25373C005AA537 /* Base */,
			);
			name = LaunchScreen.storyboard;
			sourceTree = "<group>";
		};
/* End PBXVariantGroup section */

/* Begin XCBuildConfiguration section */
		BD3383812A3AC9E400B84738 /* Debug */ = {
			isa = XCBuildConfiguration;
			buildSettings = {
				CODE_SIGN_STYLE = Automatic;
				CURRENT_PROJECT_VERSION = 1;
				DEVELOPMENT_TEAM = 6R59JHT6PY;
				GENERATE_INFOPLIST_FILE = YES;
				INFOPLIST_FILE = OneSignalNotificationServiceExtension/Info.plist;
				INFOPLIST_KEY_CFBundleDisplayName = OneSignalNotificationServiceExtension;
				INFOPLIST_KEY_NSHumanReadableCopyright = "";
				LD_RUNPATH_SEARCH_PATHS = (
					"$(inherited)",
					"@executable_path/Frameworks",
					"@executable_path/../../Frameworks",
				);
				MARKETING_VERSION = 1.0;
				PRODUCT_BUNDLE_IDENTIFIER = Bookie.OneSignalNotificationServiceExtension;
				PRODUCT_NAME = "$(TARGET_NAME)";
				SKIP_INSTALL = YES;
				SWIFT_EMIT_LOC_STRINGS = YES;
				SWIFT_VERSION = 5.0;
				TARGETED_DEVICE_FAMILY = "1,2";
			};
			name = Debug;
		};
		BD3383822A3AC9E400B84738 /* Release */ = {
			isa = XCBuildConfiguration;
			buildSettings = {
				CODE_SIGN_STYLE = Automatic;
				CURRENT_PROJECT_VERSION = 1;
				DEVELOPMENT_TEAM = 6R59JHT6PY;
				GENERATE_INFOPLIST_FILE = YES;
				INFOPLIST_FILE = OneSignalNotificationServiceExtension/Info.plist;
				INFOPLIST_KEY_CFBundleDisplayName = OneSignalNotificationServiceExtension;
				INFOPLIST_KEY_NSHumanReadableCopyright = "";
				LD_RUNPATH_SEARCH_PATHS = (
					"$(inherited)",
					"@executable_path/Frameworks",
					"@executable_path/../../Frameworks",
				);
				MARKETING_VERSION = 1.0;
				PRODUCT_BUNDLE_IDENTIFIER = Bookie.OneSignalNotificationServiceExtension;
				PRODUCT_NAME = "$(TARGET_NAME)";
				SKIP_INSTALL = YES;
				SWIFT_EMIT_LOC_STRINGS = YES;
				SWIFT_VERSION = 5.0;
				TARGETED_DEVICE_FAMILY = "1,2";
			};
			name = Release;
		};
		BD5C025D2A25373C005AA537 /* Debug */ = {
			isa = XCBuildConfiguration;
			buildSettings = {
				ALWAYS_SEARCH_USER_PATHS = NO;
				CLANG_ANALYZER_NONNULL = YES;
				CLANG_ANALYZER_NUMBER_OBJECT_CONVERSION = YES_AGGRESSIVE;
				CLANG_CXX_LANGUAGE_STANDARD = "gnu++20";
				CLANG_ENABLE_MODULES = YES;
				CLANG_ENABLE_OBJC_ARC = YES;
				CLANG_ENABLE_OBJC_WEAK = YES;
				CLANG_WARN_BLOCK_CAPTURE_AUTORELEASING = YES;
				CLANG_WARN_BOOL_CONVERSION = YES;
				CLANG_WARN_COMMA = YES;
				CLANG_WARN_CONSTANT_CONVERSION = YES;
				CLANG_WARN_DEPRECATED_OBJC_IMPLEMENTATIONS = YES;
				CLANG_WARN_DIRECT_OBJC_ISA_USAGE = YES_ERROR;
				CLANG_WARN_DOCUMENTATION_COMMENTS = YES;
				CLANG_WARN_EMPTY_BODY = YES;
				CLANG_WARN_ENUM_CONVERSION = YES;
				CLANG_WARN_INFINITE_RECURSION = YES;
				CLANG_WARN_INT_CONVERSION = YES;
				CLANG_WARN_NON_LITERAL_NULL_CONVERSION = YES;
				CLANG_WARN_OBJC_IMPLICIT_RETAIN_SELF = YES;
				CLANG_WARN_OBJC_LITERAL_CONVERSION = YES;
				CLANG_WARN_OBJC_ROOT_CLASS = YES_ERROR;
				CLANG_WARN_QUOTED_INCLUDE_IN_FRAMEWORK_HEADER = YES;
				CLANG_WARN_RANGE_LOOP_ANALYSIS = YES;
				CLANG_WARN_STRICT_PROTOTYPES = YES;
				CLANG_WARN_SUSPICIOUS_MOVE = YES;
				CLANG_WARN_UNGUARDED_AVAILABILITY = YES_AGGRESSIVE;
				CLANG_WARN_UNREACHABLE_CODE = YES;
				CLANG_WARN__DUPLICATE_METHOD_MATCH = YES;
				COPY_PHASE_STRIP = NO;
				DEBUG_INFORMATION_FORMAT = dwarf;
				ENABLE_STRICT_OBJC_MSGSEND = YES;
				ENABLE_TESTABILITY = YES;
				GCC_C_LANGUAGE_STANDARD = gnu11;
				GCC_DYNAMIC_NO_PIC = NO;
				GCC_NO_COMMON_BLOCKS = YES;
				GCC_OPTIMIZATION_LEVEL = 0;
				GCC_PREPROCESSOR_DEFINITIONS = (
					"DEBUG=1",
					"$(inherited)",
				);
				GCC_WARN_64_TO_32_BIT_CONVERSION = YES;
				GCC_WARN_ABOUT_RETURN_TYPE = YES_ERROR;
				GCC_WARN_UNDECLARED_SELECTOR = YES;
				GCC_WARN_UNINITIALIZED_AUTOS = YES_AGGRESSIVE;
				GCC_WARN_UNUSED_FUNCTION = YES;
				GCC_WARN_UNUSED_VARIABLE = YES;
				IPHONEOS_DEPLOYMENT_TARGET = 16.4;
				MTL_ENABLE_DEBUG_INFO = INCLUDE_SOURCE;
				MTL_FAST_MATH = YES;
				ONLY_ACTIVE_ARCH = YES;
				SDKROOT = iphoneos;
				SWIFT_ACTIVE_COMPILATION_CONDITIONS = DEBUG;
				SWIFT_OPTIMIZATION_LEVEL = "-Onone";
			};
			name = Debug;
		};
		BD5C025E2A25373C005AA537 /* Release */ = {
			isa = XCBuildConfiguration;
			buildSettings = {
				ALWAYS_SEARCH_USER_PATHS = NO;
				CLANG_ANALYZER_NONNULL = YES;
				CLANG_ANALYZER_NUMBER_OBJECT_CONVERSION = YES_AGGRESSIVE;
				CLANG_CXX_LANGUAGE_STANDARD = "gnu++20";
				CLANG_ENABLE_MODULES = YES;
				CLANG_ENABLE_OBJC_ARC = YES;
				CLANG_ENABLE_OBJC_WEAK = YES;
				CLANG_WARN_BLOCK_CAPTURE_AUTORELEASING = YES;
				CLANG_WARN_BOOL_CONVERSION = YES;
				CLANG_WARN_COMMA = YES;
				CLANG_WARN_CONSTANT_CONVERSION = YES;
				CLANG_WARN_DEPRECATED_OBJC_IMPLEMENTATIONS = YES;
				CLANG_WARN_DIRECT_OBJC_ISA_USAGE = YES_ERROR;
				CLANG_WARN_DOCUMENTATION_COMMENTS = YES;
				CLANG_WARN_EMPTY_BODY = YES;
				CLANG_WARN_ENUM_CONVERSION = YES;
				CLANG_WARN_INFINITE_RECURSION = YES;
				CLANG_WARN_INT_CONVERSION = YES;
				CLANG_WARN_NON_LITERAL_NULL_CONVERSION = YES;
				CLANG_WARN_OBJC_IMPLICIT_RETAIN_SELF = YES;
				CLANG_WARN_OBJC_LITERAL_CONVERSION = YES;
				CLANG_WARN_OBJC_ROOT_CLASS = YES_ERROR;
				CLANG_WARN_QUOTED_INCLUDE_IN_FRAMEWORK_HEADER = YES;
				CLANG_WARN_RANGE_LOOP_ANALYSIS = YES;
				CLANG_WARN_STRICT_PROTOTYPES = YES;
				CLANG_WARN_SUSPICIOUS_MOVE = YES;
				CLANG_WARN_UNGUARDED_AVAILABILITY = YES_AGGRESSIVE;
				CLANG_WARN_UNREACHABLE_CODE = YES;
				CLANG_WARN__DUPLICATE_METHOD_MATCH = YES;
				COPY_PHASE_STRIP = NO;
				DEBUG_INFORMATION_FORMAT = "dwarf-with-dsym";
				ENABLE_NS_ASSERTIONS = NO;
				ENABLE_STRICT_OBJC_MSGSEND = YES;
				GCC_C_LANGUAGE_STANDARD = gnu11;
				GCC_NO_COMMON_BLOCKS = YES;
				GCC_WARN_64_TO_32_BIT_CONVERSION = YES;
				GCC_WARN_ABOUT_RETURN_TYPE = YES_ERROR;
				GCC_WARN_UNDECLARED_SELECTOR = YES;
				GCC_WARN_UNINITIALIZED_AUTOS = YES_AGGRESSIVE;
				GCC_WARN_UNUSED_FUNCTION = YES;
				GCC_WARN_UNUSED_VARIABLE = YES;
				IPHONEOS_DEPLOYMENT_TARGET = 16.4;
				MTL_ENABLE_DEBUG_INFO = NO;
				MTL_FAST_MATH = YES;
				SDKROOT = iphoneos;
				SWIFT_COMPILATION_MODE = wholemodule;
				SWIFT_OPTIMIZATION_LEVEL = "-O";
				VALIDATE_PRODUCT = YES;
			};
			name = Release;
		};
		BD5C02602A25373C005AA537 /* Debug */ = {
			isa = XCBuildConfiguration;
			buildSettings = {
				ALWAYS_EMBED_SWIFT_STANDARD_LIBRARIES = YES;
				ASSETCATALOG_COMPILER_APPICON_NAME = AppIcon;
				ASSETCATALOG_COMPILER_GLOBAL_ACCENT_COLOR_NAME = AccentColor;
				CODE_SIGN_ENTITLEMENTS = Bookie/Bookie.entitlements;
				CODE_SIGN_STYLE = Manual;
				CURRENT_PROJECT_VERSION = 1;
				DEVELOPMENT_TEAM = "";
				GENERATE_INFOPLIST_FILE = YES;
				INFOPLIST_FILE = Bookie/Info.plist;
				INFOPLIST_KEY_UIApplicationSupportsIndirectInputEvents = YES;
				INFOPLIST_KEY_UILaunchStoryboardName = LaunchScreen;
				INFOPLIST_KEY_UIMainStoryboardFile = Main;
				INFOPLIST_KEY_UISupportedInterfaceOrientations_iPad = "UIInterfaceOrientationPortrait UIInterfaceOrientationPortraitUpsideDown UIInterfaceOrientationLandscapeLeft UIInterfaceOrientationLandscapeRight";
				INFOPLIST_KEY_UISupportedInterfaceOrientations_iPhone = "UIInterfaceOrientationPortrait UIInterfaceOrientationLandscapeLeft UIInterfaceOrientationLandscapeRight";
				IPHONEOS_DEPLOYMENT_TARGET = 16.0;
				LD_RUNPATH_SEARCH_PATHS = (
					"$(inherited)",
					"@executable_path/Frameworks",
				);
				MARKETING_VERSION = 1.0;
				PRODUCT_BUNDLE_IDENTIFIER = com.ktooo.app;
				PRODUCT_NAME = "$(TARGET_NAME)";
				PROVISIONING_PROFILE_SPECIFIER = "";
				SWIFT_EMIT_LOC_STRINGS = YES;
				SWIFT_VERSION = 5.0;
				TARGETED_DEVICE_FAMILY = "1,2";
			};
			name = Debug;
		};
		BD5C02612A25373C005AA537 /* Release */ = {
			isa = XCBuildConfiguration;
			buildSettings = {
				ALWAYS_EMBED_SWIFT_STANDARD_LIBRARIES = YES;
				ASSETCATALOG_COMPILER_APPICON_NAME = AppIcon;
				ASSETCATALOG_COMPILER_GLOBAL_ACCENT_COLOR_NAME = AccentColor;
				CODE_SIGN_ENTITLEMENTS = Bookie/Bookie.entitlements;
				CODE_SIGN_STYLE = Manual;
				CURRENT_PROJECT_VERSION = 1;
				DEVELOPMENT_TEAM = "";
				GENERATE_INFOPLIST_FILE = YES;
				INFOPLIST_FILE = Bookie/Info.plist;
				INFOPLIST_KEY_UIApplicationSupportsIndirectInputEvents = YES;
				INFOPLIST_KEY_UILaunchStoryboardName = LaunchScreen;
				INFOPLIST_KEY_UIMainStoryboardFile = Main;
				INFOPLIST_KEY_UISupportedInterfaceOrientations_iPad = "UIInterfaceOrientationPortrait UIInterfaceOrientationPortraitUpsideDown UIInterfaceOrientationLandscapeLeft UIInterfaceOrientationLandscapeRight";
				INFOPLIST_KEY_UISupportedInterfaceOrientations_iPhone = "UIInterfaceOrientationPortrait UIInterfaceOrientationLandscapeLeft UIInterfaceOrientationLandscapeRight";
				IPHONEOS_DEPLOYMENT_TARGET = 16.0;
				LD_RUNPATH_SEARCH_PATHS = (
					"$(inherited)",
					"@executable_path/Frameworks",
				);
				MARKETING_VERSION = 1.0;
				PRODUCT_BUNDLE_IDENTIFIER = com.ktooo.app;
				PRODUCT_NAME = "$(TARGET_NAME)";
				PROVISIONING_PROFILE_SPECIFIER = "";
				SWIFT_EMIT_LOC_STRINGS = YES;
				SWIFT_VERSION = 5.0;
				TARGETED_DEVICE_FAMILY = "1,2";
			};
			name = Release;
		};
/* End XCBuildConfiguration section */

/* Begin XCConfigurationList section */
		BD3383802A3AC9E400B84738 /* Build configuration list for PBXNativeTarget "OneSignalNotificationServiceExtension" */ = {
			isa = XCConfigurationList;
			buildConfigurations = (
				BD3383812A3AC9E400B84738 /* Debug */,
				BD3383822A3AC9E400B84738 /* Release */,
			);
			defaultConfigurationIsVisible = 0;
			defaultConfigurationName = Release;
		};
		BD5C02462A25373A005AA537 /* Build configuration list for PBXProject "Bookie" */ = {
			isa = XCConfigurationList;
			buildConfigurations = (
				BD5C025D2A25373C005AA537 /* Debug */,
				BD5C025E2A25373C005AA537 /* Release */,
			);
			defaultConfigurationIsVisible = 0;
			defaultConfigurationName = Release;
		};
		BD5C025F2A25373C005AA537 /* Build configuration list for PBXNativeTarget "Bookie" */ = {
			isa = XCConfigurationList;
			buildConfigurations = (
				BD5C02602A25373C005AA537 /* Debug */,
				BD5C02612A25373C005AA537 /* Release */,
			);
			defaultConfigurationIsVisible = 0;
			defaultConfigurationName = Release;
		};
/* End XCConfigurationList section */

/* Begin XCRemoteSwiftPackageReference section */
		BD3383842A3ACA1500B84738 /* XCRemoteSwiftPackageReference "OneSignal-XCFramework" */ = {
			isa = XCRemoteSwiftPackageReference;
			repositoryURL = "https://github.com/OneSignal/OneSignal-XCFramework";
			requirement = {
				kind = upToNextMajorVersion;
				minimumVersion = 3.0.0;
			};
		};
		BD33838A2A3ACACB00B84738 /* XCRemoteSwiftPackageReference "AppsFlyerFramework" */ = {
			isa = XCRemoteSwiftPackageReference;
			repositoryURL = "https://github.com/AppsFlyerSDK/AppsFlyerFramework";
			requirement = {
				kind = upToNextMajorVersion;
				minimumVersion = 6.0.0;
			};
		};
		BD33838F2A3ACCFD00B84738 /* XCRemoteSwiftPackageReference "firebase-ios-sdk" */ = {
			isa = XCRemoteSwiftPackageReference;
			repositoryURL = "https://github.com/firebase/firebase-ios-sdk.git";
			requirement = {
				kind = upToNextMajorVersion;
				minimumVersion = 10.0.0;
			};
		};
		BD5C02622A25375C005AA537 /* XCRemoteSwiftPackageReference "Alamofire" */ = {
			isa = XCRemoteSwiftPackageReference;
			repositoryURL = "https://github.com/Alamofire/Alamofire.git";
			requirement = {
				kind = upToNextMajorVersion;
				minimumVersion = 5.0.0;
			};
		};
		BD5C02652A25376B005AA537 /* XCRemoteSwiftPackageReference "SnapKit" */ = {
			isa = XCRemoteSwiftPackageReference;
			repositoryURL = "https://github.com/SnapKit/SnapKit.git";
			requirement = {
				kind = upToNextMajorVersion;
				minimumVersion = 5.0.0;
			};
		};
		BD5C02682A253777005AA537 /* XCRemoteSwiftPackageReference "Kingfisher" */ = {
			isa = XCRemoteSwiftPackageReference;
			repositoryURL = "https://github.com/onevcat/Kingfisher.git";
			requirement = {
				kind = upToNextMajorVersion;
				minimumVersion = 7.0.0;
			};
		};
		BD5C02A42A26847B005AA537 /* XCRemoteSwiftPackageReference "realm-swift" */ = {
			isa = XCRemoteSwiftPackageReference;
			repositoryURL = "https://github.com/realm/realm-swift.git";
			requirement = {
				branch = master;
				kind = branch;
			};
		};
		BDA902312A2DBDBD000AA5F9 /* XCRemoteSwiftPackageReference "ALProgressView" */ = {
			isa = XCRemoteSwiftPackageReference;
			repositoryURL = "https://github.com/alxrguz/ALProgressView";
			requirement = {
				kind = upToNextMajorVersion;
				minimumVersion = 2.0.0;
			};
		};
/* End XCRemoteSwiftPackageReference section */

/* Begin XCSwiftPackageProductDependency section */
		BD3383852A3ACA1500B84738 /* OneSignal */ = {
			isa = XCSwiftPackageProductDependency;
			package = BD3383842A3ACA1500B84738 /* XCRemoteSwiftPackageReference "OneSignal-XCFramework" */;
			productName = OneSignal;
		};
		BD3383872A3ACA1500B84738 /* OneSignalExtension */ = {
			isa = XCSwiftPackageProductDependency;
			package = BD3383842A3ACA1500B84738 /* XCRemoteSwiftPackageReference "OneSignal-XCFramework" */;
			productName = OneSignalExtension;
		};
		BD33838B2A3ACACB00B84738 /* AppsFlyerLib */ = {
			isa = XCSwiftPackageProductDependency;
			package = BD33838A2A3ACACB00B84738 /* XCRemoteSwiftPackageReference "AppsFlyerFramework" */;
			productName = AppsFlyerLib;
		};
		BD3383902A3ACCFD00B84738 /* FirebaseAnalytics */ = {
			isa = XCSwiftPackageProductDependency;
			package = BD33838F2A3ACCFD00B84738 /* XCRemoteSwiftPackageReference "firebase-ios-sdk" */;
			productName = FirebaseAnalytics;
		};
		BD3383922A3ACCFD00B84738 /* FirebaseAnalyticsSwift */ = {
			isa = XCSwiftPackageProductDependency;
			package = BD33838F2A3ACCFD00B84738 /* XCRemoteSwiftPackageReference "firebase-ios-sdk" */;
			productName = FirebaseAnalyticsSwift;
		};
		BD5C02632A25375D005AA537 /* Alamofire */ = {
			isa = XCSwiftPackageProductDependency;
			package = BD5C02622A25375C005AA537 /* XCRemoteSwiftPackageReference "Alamofire" */;
			productName = Alamofire;
		};
		BD5C02662A25376B005AA537 /* SnapKit */ = {
			isa = XCSwiftPackageProductDependency;
			package = BD5C02652A25376B005AA537 /* XCRemoteSwiftPackageReference "SnapKit" */;
			productName = SnapKit;
		};
		BD5C02692A253777005AA537 /* Kingfisher */ = {
			isa = XCSwiftPackageProductDependency;
			package = BD5C02682A253777005AA537 /* XCRemoteSwiftPackageReference "Kingfisher" */;
			productName = Kingfisher;
		};
		BD5C02A52A26847B005AA537 /* RealmSwift */ = {
			isa = XCSwiftPackageProductDependency;
			package = BD5C02A42A26847B005AA537 /* XCRemoteSwiftPackageReference "realm-swift" */;
			productName = RealmSwift;
		};
		BDA902322A2DBDBD000AA5F9 /* ALProgressView */ = {
			isa = XCSwiftPackageProductDependency;
			package = BDA902312A2DBDBD000AA5F9 /* XCRemoteSwiftPackageReference "ALProgressView" */;
			productName = ALProgressView;
		};
/* End XCSwiftPackageProductDependency section */
	};
	rootObject = BD5C02432A25373A005AA537 /* Project object */;
}
