// !$*UTF8*$!
{
	archiveVersion = 1;
	classes = {
	};
	objectVersion = 56;
	objects = {

/* Begin PBXBuildFile section */
		BD5C024F2A25373A005AA537 /* AppDelegate.swift in Sources */ = {isa = PBXBuildFile; fileRef = BD5C024E2A25373A005AA537 /* AppDelegate.swift */; };
		BD5C02512A25373A005AA537 /* SceneDelegate.swift in Sources */ = {isa = PBXBuildFile; fileRef = BD5C02502A25373A005AA537 /* SceneDelegate.swift */; };
		BD5C02532A25373A005AA537 /* PreloaderController.swift in Sources */ = {isa = PBXBuildFile; fileRef = BD5C02522A25373A005AA537 /* PreloaderController.swift */; };
		BD5C02562A25373A005AA537 /* Main.storyboard in Resources */ = {isa = PBXBuildFile; fileRef = BD5C02542A25373A005AA537 /* Main.storyboard */; };
		BD5C02582A25373C005AA537 /* Assets.xcassets in Resources */ = {isa = PBXBuildFile; fileRef = BD5C02572A25373C005AA537 /* Assets.xcassets */; };
		BD5C025B2A25373C005AA537 /* LaunchScreen.storyboard in Resources */ = {isa = PBXBuildFile; fileRef = BD5C02592A25373C005AA537 /* LaunchScreen.storyboard */; };
		BD5C02642A25375D005AA537 /* Alamofire in Frameworks */ = {isa = PBXBuildFile; productRef = BD5C02632A25375D005AA537 /* Alamofire */; };
		BD5C02672A25376B005AA537 /* SnapKit in Frameworks */ = {isa = PBXBuildFile; productRef = BD5C02662A25376B005AA537 /* SnapKit */; };
		BD5C026A2A253777005AA537 /* Kingfisher in Frameworks */ = {isa = PBXBuildFile; productRef = BD5C02692A253777005AA537 /* Kingfisher */; };
		BD5C026D2A25398C005AA537 /* UIColor+extension.swift in Sources */ = {isa = PBXBuildFile; fileRef = BD5C026C2A25398C005AA537 /* UIColor+extension.swift */; };
		BD5C02722A253B05005AA537 /* PreloaderModel.swift in Sources */ = {isa = PBXBuildFile; fileRef = BD5C02712A253B05005AA537 /* PreloaderModel.swift */; };
		BD5C02762A253B95005AA537 /* PreloaderCollectionViewCell.swift in Sources */ = {isa = PBXBuildFile; fileRef = BD5C02742A253B95005AA537 /* PreloaderCollectionViewCell.swift */; };
		BD5C02772A253B95005AA537 /* PreloaderCollectionViewCell.xib in Resources */ = {isa = PBXBuildFile; fileRef = BD5C02752A253B95005AA537 /* PreloaderCollectionViewCell.xib */; };
		BD5C027B2A253CC3005AA537 /* SFPRODISPLAYBOLD.OTF in Resources */ = {isa = PBXBuildFile; fileRef = BD5C02792A253CC1005AA537 /* SFPRODISPLAYBOLD.OTF */; };
		BD5C027C2A253CC3005AA537 /* SFPRODISPLAYMEDIUM.OTF in Resources */ = {isa = PBXBuildFile; fileRef = BD5C027A2A253CC3005AA537 /* SFPRODISPLAYMEDIUM.OTF */; };
		BD5C027F2A253D75005AA537 /* UIFont+ProDisplay.swift in Sources */ = {isa = PBXBuildFile; fileRef = BD5C027E2A253D75005AA537 /* UIFont+ProDisplay.swift */; };
		BD5C028A2A2682A8005AA537 /* InfoBaseRealm.swift in Sources */ = {isa = PBXBuildFile; fileRef = BD5C02822A2682A7005AA537 /* InfoBaseRealm.swift */; };
		BD5C028B2A2682A8005AA537 /* Statistics.swift in Sources */ = {isa = PBXBuildFile; fileRef = BD5C02842A2682A7005AA537 /* Statistics.swift */; };
		BD5C028C2A2682A8005AA537 /* LiveDataBuffer.swift in Sources */ = {isa = PBXBuildFile; fileRef = BD5C02852A2682A8005AA537 /* LiveDataBuffer.swift */; };
		BD5C028D2A2682A8005AA537 /* GameStats.swift in Sources */ = {isa = PBXBuildFile; fileRef = BD5C02862A2682A8005AA537 /* GameStats.swift */; };
		BD5C028E2A2682A8005AA537 /* NetworkManager.swift in Sources */ = {isa = PBXBuildFile; fileRef = BD5C02872A2682A8005AA537 /* NetworkManager.swift */; };
		BD5C028F2A2682A8005AA537 /* NetworkingExtensions.swift in Sources */ = {isa = PBXBuildFile; fileRef = BD5C02882A2682A8005AA537 /* NetworkingExtensions.swift */; };
		BD5C02902A2682A8005AA537 /* EndpointParameters.swift in Sources */ = {isa = PBXBuildFile; fileRef = BD5C02892A2682A8005AA537 /* EndpointParameters.swift */; };
		BD5C02992A2682C4005AA537 /* PlayerStatistic.swift in Sources */ = {isa = PBXBuildFile; fileRef = BD5C02912A2682C3005AA537 /* PlayerStatistic.swift */; };
		BD5C029A2A2682C4005AA537 /* FavoritesManager.swift in Sources */ = {isa = PBXBuildFile; fileRef = BD5C02922A2682C3005AA537 /* FavoritesManager.swift */; };
		BD5C029B2A2682C4005AA537 /* FixtureStatistic.swift in Sources */ = {isa = PBXBuildFile; fileRef = BD5C02932A2682C3005AA537 /* FixtureStatistic.swift */; };
		BD5C029C2A2682C4005AA537 /* FixturePlayers.swift in Sources */ = {isa = PBXBuildFile; fileRef = BD5C02942A2682C3005AA537 /* FixturePlayers.swift */; };
		BD5C029D2A2682C4005AA537 /* FavoriteTeam.swift in Sources */ = {isa = PBXBuildFile; fileRef = BD5C02952A2682C3005AA537 /* FavoriteTeam.swift */; };
		BD5C029E2A2682C4005AA537 /* ScreenModifiersType.swift in Sources */ = {isa = PBXBuildFile; fileRef = BD5C02962A2682C3005AA537 /* ScreenModifiersType.swift */; };
		BD5C029F2A2682C4005AA537 /* EventsStat.swift in Sources */ = {isa = PBXBuildFile; fileRef = BD5C02972A2682C3005AA537 /* EventsStat.swift */; };
		BD5C02A02A2682C4005AA537 /* TeamStatistic.swift in Sources */ = {isa = PBXBuildFile; fileRef = BD5C02982A2682C3005AA537 /* TeamStatistic.swift */; };
		BD5C02A62A26847B005AA537 /* RealmSwift in Frameworks */ = {isa = PBXBuildFile; productRef = BD5C02A52A26847B005AA537 /* RealmSwift */; };
		BD5C02AA2A268DD5005AA537 /* MainViewController.swift in Sources */ = {isa = PBXBuildFile; fileRef = BD5C02A92A268DD5005AA537 /* MainViewController.swift */; };
		BD5C02AE2A27D2C1005AA537 /* SettingsViewController.swift in Sources */ = {isa = PBXBuildFile; fileRef = BD5C02AD2A27D2C1005AA537 /* SettingsViewController.swift */; };
		BD5C02B22A27DAA8005AA537 /* TermsViewController.swift in Sources */ = {isa = PBXBuildFile; fileRef = BD5C02B12A27DAA8005AA537 /* TermsViewController.swift */; };
		BD82E51C2A2BC147005EEF71 /* UpcomingCollectionViewCell.swift in Sources */ = {isa = PBXBuildFile; fileRef = BD82E51A2A2BC147005EEF71 /* UpcomingCollectionViewCell.swift */; };
		BD82E51D2A2BC147005EEF71 /* UpcomingCollectionViewCell.xib in Resources */ = {isa = PBXBuildFile; fileRef = BD82E51B2A2BC147005EEF71 /* UpcomingCollectionViewCell.xib */; };
		BD82E5212A2BD1D3005EEF71 /* CurrentCollectionViewCell.swift in Sources */ = {isa = PBXBuildFile; fileRef = BD82E51F2A2BD1D3005EEF71 /* CurrentCollectionViewCell.swift */; };
		BD82E5222A2BD1D3005EEF71 /* CurrentCollectionViewCell.xib in Resources */ = {isa = PBXBuildFile; fileRef = BD82E5202A2BD1D3005EEF71 /* CurrentCollectionViewCell.xib */; };
		BD9E50E12A2D34A200996D82 /* PreferredViewController.swift in Sources */ = {isa = PBXBuildFile; fileRef = BD9E50E02A2D34A200996D82 /* PreferredViewController.swift */; };
		BD9E50E82A2D377E00996D82 /* SettingsTableViewCell.swift in Sources */ = {isa = PBXBuildFile; fileRef = BD9E50E62A2D377E00996D82 /* SettingsTableViewCell.swift */; };
		BD9E50E92A2D377E00996D82 /* SettingsTableViewCell.xib in Resources */ = {isa = PBXBuildFile; fileRef = BD9E50E72A2D377E00996D82 /* SettingsTableViewCell.xib */; };
		BD9E50EE2A2D3C1B00996D82 /* SettingsList.swift in Sources */ = {isa = PBXBuildFile; fileRef = BD9E50ED2A2D3C1B00996D82 /* SettingsList.swift */; };
/* End PBXBuildFile section */

/* Begin PBXFileReference section */
		BD5C024B2A25373A005AA537 /* Bookie.app */ = {isa = PBXFileReference; explicitFileType = wrapper.application; includeInIndex = 0; path = Bookie.app; sourceTree = BUILT_PRODUCTS_DIR; };
		BD5C024E2A25373A005AA537 /* AppDelegate.swift */ = {isa = PBXFileReference; lastKnownFileType = sourcecode.swift; path = AppDelegate.swift; sourceTree = "<group>"; };
		BD5C02502A25373A005AA537 /* SceneDelegate.swift */ = {isa = PBXFileReference; lastKnownFileType = sourcecode.swift; path = SceneDelegate.swift; sourceTree = "<group>"; };
		BD5C02522A25373A005AA537 /* PreloaderController.swift */ = {isa = PBXFileReference; lastKnownFileType = sourcecode.swift; path = PreloaderController.swift; sourceTree = "<group>"; };
		BD5C02552A25373A005AA537 /* Base */ = {isa = PBXFileReference; lastKnownFileType = file.storyboard; name = Base; path = Base.lproj/Main.storyboard; sourceTree = "<group>"; };
		BD5C02572A25373C005AA537 /* Assets.xcassets */ = {isa = PBXFileReference; lastKnownFileType = folder.assetcatalog; path = Assets.xcassets; sourceTree = "<group>"; };
		BD5C025A2A25373C005AA537 /* Base */ = {isa = PBXFileReference; lastKnownFileType = file.storyboard; name = Base; path = Base.lproj/LaunchScreen.storyboard; sourceTree = "<group>"; };
		BD5C025C2A25373C005AA537 /* Info.plist */ = {isa = PBXFileReference; lastKnownFileType = text.plist.xml; path = Info.plist; sourceTree = "<group>"; };
		BD5C026C2A25398C005AA537 /* UIColor+extension.swift */ = {isa = PBXFileReference; lastKnownFileType = sourcecode.swift; path = "UIColor+extension.swift"; sourceTree = "<group>"; };
		BD5C02712A253B05005AA537 /* PreloaderModel.swift */ = {isa = PBXFileReference; lastKnownFileType = sourcecode.swift; path = PreloaderModel.swift; sourceTree = "<group>"; };
		BD5C02742A253B95005AA537 /* PreloaderCollectionViewCell.swift */ = {isa = PBXFileReference; lastKnownFileType = sourcecode.swift; path = PreloaderCollectionViewCell.swift; sourceTree = "<group>"; };
		BD5C02752A253B95005AA537 /* PreloaderCollectionViewCell.xib */ = {isa = PBXFileReference; lastKnownFileType = file.xib; path = PreloaderCollectionViewCell.xib; sourceTree = "<group>"; };
		BD5C02792A253CC1005AA537 /* SFPRODISPLAYBOLD.OTF */ = {isa = PBXFileReference; lastKnownFileType = file; path = SFPRODISPLAYBOLD.OTF; sourceTree = "<group>"; };
		BD5C027A2A253CC3005AA537 /* SFPRODISPLAYMEDIUM.OTF */ = {isa = PBXFileReference; lastKnownFileType = file; path = SFPRODISPLAYMEDIUM.OTF; sourceTree = "<group>"; };
		BD5C027E2A253D75005AA537 /* UIFont+ProDisplay.swift */ = {isa = PBXFileReference; lastKnownFileType = sourcecode.swift; path = "UIFont+ProDisplay.swift"; sourceTree = "<group>"; };
		BD5C02822A2682A7005AA537 /* InfoBaseRealm.swift */ = {isa = PBXFileReference; fileEncoding = 4; lastKnownFileType = sourcecode.swift; path = InfoBaseRealm.swift; sourceTree = "<group>"; };
		BD5C02842A2682A7005AA537 /* Statistics.swift */ = {isa = PBXFileReference; fileEncoding = 4; lastKnownFileType = sourcecode.swift; path = Statistics.swift; sourceTree = "<group>"; };
		BD5C02852A2682A8005AA537 /* LiveDataBuffer.swift */ = {isa = PBXFileReference; fileEncoding = 4; lastKnownFileType = sourcecode.swift; path = LiveDataBuffer.swift; sourceTree = "<group>"; };
		BD5C02862A2682A8005AA537 /* GameStats.swift */ = {isa = PBXFileReference; fileEncoding = 4; lastKnownFileType = sourcecode.swift; path = GameStats.swift; sourceTree = "<group>"; };
		BD5C02872A2682A8005AA537 /* NetworkManager.swift */ = {isa = PBXFileReference; fileEncoding = 4; lastKnownFileType = sourcecode.swift; path = NetworkManager.swift; sourceTree = "<group>"; };
		BD5C02882A2682A8005AA537 /* NetworkingExtensions.swift */ = {isa = PBXFileReference; fileEncoding = 4; lastKnownFileType = sourcecode.swift; path = NetworkingExtensions.swift; sourceTree = "<group>"; };
		BD5C02892A2682A8005AA537 /* EndpointParameters.swift */ = {isa = PBXFileReference; fileEncoding = 4; lastKnownFileType = sourcecode.swift; path = EndpointParameters.swift; sourceTree = "<group>"; };
		BD5C02912A2682C3005AA537 /* PlayerStatistic.swift */ = {isa = PBXFileReference; fileEncoding = 4; lastKnownFileType = sourcecode.swift; path = PlayerStatistic.swift; sourceTree = "<group>"; };
		BD5C02922A2682C3005AA537 /* FavoritesManager.swift */ = {isa = PBXFileReference; fileEncoding = 4; lastKnownFileType = sourcecode.swift; path = FavoritesManager.swift; sourceTree = "<group>"; };
		BD5C02932A2682C3005AA537 /* FixtureStatistic.swift */ = {isa = PBXFileReference; fileEncoding = 4; lastKnownFileType = sourcecode.swift; path = FixtureStatistic.swift; sourceTree = "<group>"; };
		BD5C02942A2682C3005AA537 /* FixturePlayers.swift */ = {isa = PBXFileReference; fileEncoding = 4; lastKnownFileType = sourcecode.swift; path = FixturePlayers.swift; sourceTree = "<group>"; };
		BD5C02952A2682C3005AA537 /* FavoriteTeam.swift */ = {isa = PBXFileReference; fileEncoding = 4; lastKnownFileType = sourcecode.swift; path = FavoriteTeam.swift; sourceTree = "<group>"; };
		BD5C02962A2682C3005AA537 /* ScreenModifiersType.swift */ = {isa = PBXFileReference; fileEncoding = 4; lastKnownFileType = sourcecode.swift; path = ScreenModifiersType.swift; sourceTree = "<group>"; };
		BD5C02972A2682C3005AA537 /* EventsStat.swift */ = {isa = PBXFileReference; fileEncoding = 4; lastKnownFileType = sourcecode.swift; path = EventsStat.swift; sourceTree = "<group>"; };
		BD5C02982A2682C3005AA537 /* TeamStatistic.swift */ = {isa = PBXFileReference; fileEncoding = 4; lastKnownFileType = sourcecode.swift; path = TeamStatistic.swift; sourceTree = "<group>"; };
		BD5C02A92A268DD5005AA537 /* MainViewController.swift */ = {isa = PBXFileReference; lastKnownFileType = sourcecode.swift; path = MainViewController.swift; sourceTree = "<group>"; };
		BD5C02AD2A27D2C1005AA537 /* SettingsViewController.swift */ = {isa = PBXFileReference; lastKnownFileType = sourcecode.swift; path = SettingsViewController.swift; sourceTree = "<group>"; };
		BD5C02B12A27DAA8005AA537 /* TermsViewController.swift */ = {isa = PBXFileReference; lastKnownFileType = sourcecode.swift; path = TermsViewController.swift; sourceTree = "<group>"; };
		BD82E51A2A2BC147005EEF71 /* UpcomingCollectionViewCell.swift */ = {isa = PBXFileReference; lastKnownFileType = sourcecode.swift; path = UpcomingCollectionViewCell.swift; sourceTree = "<group>"; };
		BD82E51B2A2BC147005EEF71 /* UpcomingCollectionViewCell.xib */ = {isa = PBXFileReference; lastKnownFileType = file.xib; path = UpcomingCollectionViewCell.xib; sourceTree = "<group>"; };
		BD82E51F2A2BD1D3005EEF71 /* CurrentCollectionViewCell.swift */ = {isa = PBXFileReference; lastKnownFileType = sourcecode.swift; path = CurrentCollectionViewCell.swift; sourceTree = "<group>"; };
		BD82E5202A2BD1D3005EEF71 /* CurrentCollectionViewCell.xib */ = {isa = PBXFileReference; lastKnownFileType = file.xib; path = CurrentCollectionViewCell.xib; sourceTree = "<group>"; };
		BD9E50E02A2D34A200996D82 /* PreferredViewController.swift */ = {isa = PBXFileReference; lastKnownFileType = sourcecode.swift; path = PreferredViewController.swift; sourceTree = "<group>"; };
		BD9E50E62A2D377E00996D82 /* SettingsTableViewCell.swift */ = {isa = PBXFileReference; lastKnownFileType = sourcecode.swift; path = SettingsTableViewCell.swift; sourceTree = "<group>"; };
		BD9E50E72A2D377E00996D82 /* SettingsTableViewCell.xib */ = {isa = PBXFileReference; lastKnownFileType = file.xib; path = SettingsTableViewCell.xib; sourceTree = "<group>"; };
		BD9E50ED2A2D3C1B00996D82 /* SettingsList.swift */ = {isa = PBXFileReference; lastKnownFileType = sourcecode.swift; path = SettingsList.swift; sourceTree = "<group>"; };
/* End PBXFileReference section */

/* Begin PBXFrameworksBuildPhase section */
		BD5C02482A25373A005AA537 /* Frameworks */ = {
			isa = PBXFrameworksBuildPhase;
			buildActionMask = 2147483647;
			files = (
				BD5C02A62A26847B005AA537 /* RealmSwift in Frameworks */,
				BD5C026A2A253777005AA537 /* Kingfisher in Frameworks */,
				BD5C02642A25375D005AA537 /* Alamofire in Frameworks */,
				BD5C02672A25376B005AA537 /* SnapKit in Frameworks */,
			);
			runOnlyForDeploymentPostprocessing = 0;
		};
/* End PBXFrameworksBuildPhase section */

/* Begin PBXGroup section */
		BD5C02422A25373A005AA537 = {
			isa = PBXGroup;
			children = (
				BD5C024D2A25373A005AA537 /* Bookie */,
				BD5C024C2A25373A005AA537 /* Products */,
			);
			sourceTree = "<group>";
		};
		BD5C024C2A25373A005AA537 /* Products */ = {
			isa = PBXGroup;
			children = (
				BD5C024B2A25373A005AA537 /* Bookie.app */,
			);
			name = Products;
			sourceTree = "<group>";
		};
		BD5C024D2A25373A005AA537 /* Bookie */ = {
			isa = PBXGroup;
			children = (
				BD9E50E22A2D373A00996D82 /* Menu */,
				BD9E50DE2A2D346C00996D82 /* Preferred */,
				BD5C02AF2A27DA8B005AA537 /* Terms */,
				BD5C02802A268295005AA537 /* Models */,
				BD5C027D2A253CF1005AA537 /* Fonts */,
				BD5C02782A253C56005AA537 /* Application */,
				BD5C026B2A253963005AA537 /* Extensions */,
				BD5C026E2A253AD6005AA537 /* Preloader */,
				BD5C02A72A268DAA005AA537 /* MAin */,
				BD5C02AB2A27D25D005AA537 /* Settings */,
				BD5C02542A25373A005AA537 /* Main.storyboard */,
				BD5C02572A25373C005AA537 /* Assets.xcassets */,
				BD5C02592A25373C005AA537 /* LaunchScreen.storyboard */,
				BD5C025C2A25373C005AA537 /* Info.plist */,
			);
			path = Bookie;
			sourceTree = "<group>";
		};
		BD5C026B2A253963005AA537 /* Extensions */ = {
			isa = PBXGroup;
			children = (
				BD5C026C2A25398C005AA537 /* UIColor+extension.swift */,
				BD5C027E2A253D75005AA537 /* UIFont+ProDisplay.swift */,
			);
			path = Extensions;
			sourceTree = "<group>";
		};
		BD5C026E2A253AD6005AA537 /* Preloader */ = {
			isa = PBXGroup;
			children = (
				BD5C02732A253B73005AA537 /* Cell */,
				BD5C02702A253AE5005AA537 /* Controller */,
				BD5C026F2A253ADF005AA537 /* Model */,
			);
			path = Preloader;
			sourceTree = "<group>";
		};
		BD5C026F2A253ADF005AA537 /* Model */ = {
			isa = PBXGroup;
			children = (
				BD5C02712A253B05005AA537 /* PreloaderModel.swift */,
			);
			path = Model;
			sourceTree = "<group>";
		};
		BD5C02702A253AE5005AA537 /* Controller */ = {
			isa = PBXGroup;
			children = (
				BD5C02522A25373A005AA537 /* PreloaderController.swift */,
			);
			path = Controller;
			sourceTree = "<group>";
		};
		BD5C02732A253B73005AA537 /* Cell */ = {
			isa = PBXGroup;
			children = (
				BD5C02742A253B95005AA537 /* PreloaderCollectionViewCell.swift */,
				BD5C02752A253B95005AA537 /* PreloaderCollectionViewCell.xib */,
			);
			path = Cell;
			sourceTree = "<group>";
		};
		BD5C02782A253C56005AA537 /* Application */ = {
			isa = PBXGroup;
			children = (
				BD5C024E2A25373A005AA537 /* AppDelegate.swift */,
				BD5C02502A25373A005AA537 /* SceneDelegate.swift */,
			);
			path = Application;
			sourceTree = "<group>";
		};
		BD5C027D2A253CF1005AA537 /* Fonts */ = {
			isa = PBXGroup;
			children = (
				BD5C02792A253CC1005AA537 /* SFPRODISPLAYBOLD.OTF */,
				BD5C027A2A253CC3005AA537 /* SFPRODISPLAYMEDIUM.OTF */,
			);
			path = Fonts;
			sourceTree = "<group>";
		};
		BD5C02802A268295005AA537 /* Models */ = {
			isa = PBXGroup;
			children = (
				BD5C02832A2682A7005AA537 /* NetworkingService */,
				BD5C02812A2682A7005AA537 /* Relm Model */,
			);
			path = Models;
			sourceTree = "<group>";
		};
		BD5C02812A2682A7005AA537 /* Relm Model */ = {
			isa = PBXGroup;
			children = (
				BD5C02822A2682A7005AA537 /* InfoBaseRealm.swift */,
			);
			path = "Relm Model";
			sourceTree = "<group>";
		};
		BD5C02832A2682A7005AA537 /* NetworkingService */ = {
			isa = PBXGroup;
			children = (
				BD5C02972A2682C3005AA537 /* EventsStat.swift */,
				BD5C02922A2682C3005AA537 /* FavoritesManager.swift */,
				BD5C02952A2682C3005AA537 /* FavoriteTeam.swift */,
				BD5C02942A2682C3005AA537 /* FixturePlayers.swift */,
				BD5C02932A2682C3005AA537 /* FixtureStatistic.swift */,
				BD5C02912A2682C3005AA537 /* PlayerStatistic.swift */,
				BD5C02962A2682C3005AA537 /* ScreenModifiersType.swift */,
				BD5C02982A2682C3005AA537 /* TeamStatistic.swift */,
				BD5C02842A2682A7005AA537 /* Statistics.swift */,
				BD5C02852A2682A8005AA537 /* LiveDataBuffer.swift */,
				BD5C02862A2682A8005AA537 /* GameStats.swift */,
				BD5C02872A2682A8005AA537 /* NetworkManager.swift */,
				BD5C02882A2682A8005AA537 /* NetworkingExtensions.swift */,
				BD5C02892A2682A8005AA537 /* EndpointParameters.swift */,
			);
			path = NetworkingService;
			sourceTree = "<group>";
		};
		BD5C02A72A268DAA005AA537 /* MAin */ = {
			isa = PBXGroup;
			children = (
				BD82E5192A2BC123005EEF71 /* View */,
				BD5C02A82A268DBB005AA537 /* Controller */,
			);
			path = MAin;
			sourceTree = "<group>";
		};
		BD5C02A82A268DBB005AA537 /* Controller */ = {
			isa = PBXGroup;
			children = (
				BD5C02A92A268DD5005AA537 /* MainViewController.swift */,
			);
			path = Controller;
			sourceTree = "<group>";
		};
		BD5C02AB2A27D25D005AA537 /* Settings */ = {
			isa = PBXGroup;
			children = (
				BD9E50EC2A2D3C0800996D82 /* Model */,
				BD5C02AC2A27D2A8005AA537 /* Controller */,
			);
			path = Settings;
			sourceTree = "<group>";
		};
		BD5C02AC2A27D2A8005AA537 /* Controller */ = {
			isa = PBXGroup;
			children = (
				BD5C02AD2A27D2C1005AA537 /* SettingsViewController.swift */,
			);
			path = Controller;
			sourceTree = "<group>";
		};
		BD5C02AF2A27DA8B005AA537 /* Terms */ = {
			isa = PBXGroup;
			children = (
				BD5C02B02A27DA94005AA537 /* Controller */,
			);
			path = Terms;
			sourceTree = "<group>";
		};
		BD5C02B02A27DA94005AA537 /* Controller */ = {
			isa = PBXGroup;
			children = (
				BD5C02B12A27DAA8005AA537 /* TermsViewController.swift */,
			);
			path = Controller;
			sourceTree = "<group>";
		};
		BD82E5192A2BC123005EEF71 /* View */ = {
			isa = PBXGroup;
			children = (
				BD82E51E2A2BD178005EEF71 /* CurrentCell */,
				BD82E51A2A2BC147005EEF71 /* UpcomingCollectionViewCell.swift */,
				BD82E51B2A2BC147005EEF71 /* UpcomingCollectionViewCell.xib */,
			);
			path = View;
			sourceTree = "<group>";
		};
		BD82E51E2A2BD178005EEF71 /* CurrentCell */ = {
			isa = PBXGroup;
			children = (
				BD82E51F2A2BD1D3005EEF71 /* CurrentCollectionViewCell.swift */,
				BD82E5202A2BD1D3005EEF71 /* CurrentCollectionViewCell.xib */,
			);
			path = CurrentCell;
			sourceTree = "<group>";
		};
		BD9E50DE2A2D346C00996D82 /* Preferred */ = {
			isa = PBXGroup;
			children = (
				BD9E50DF2A2D347F00996D82 /* Controler */,
			);
			path = Preferred;
			sourceTree = "<group>";
		};
		BD9E50DF2A2D347F00996D82 /* Controler */ = {
			isa = PBXGroup;
			children = (
				BD9E50E02A2D34A200996D82 /* PreferredViewController.swift */,
			);
			path = Controler;
			sourceTree = "<group>";
		};
		BD9E50E22A2D373A00996D82 /* Menu */ = {
			isa = PBXGroup;
			children = (
				BD9E50E42A2D374B00996D82 /* View */,
			);
			path = Menu;
			sourceTree = "<group>";
		};
		BD9E50E42A2D374B00996D82 /* View */ = {
			isa = PBXGroup;
			children = (
				BD9E50E52A2D375300996D82 /* Cell */,
			);
			path = View;
			sourceTree = "<group>";
		};
		BD9E50E52A2D375300996D82 /* Cell */ = {
			isa = PBXGroup;
			children = (
				BD9E50E62A2D377E00996D82 /* SettingsTableViewCell.swift */,
				BD9E50E72A2D377E00996D82 /* SettingsTableViewCell.xib */,
			);
			path = Cell;
			sourceTree = "<group>";
		};
		BD9E50EC2A2D3C0800996D82 /* Model */ = {
			isa = PBXGroup;
			children = (
				BD9E50ED2A2D3C1B00996D82 /* SettingsList.swift */,
			);
			path = Model;
			sourceTree = "<group>";
		};
/* End PBXGroup section */

/* Begin PBXNativeTarget section */
		BD5C024A2A25373A005AA537 /* Bookie */ = {
			isa = PBXNativeTarget;
			buildConfigurationList = BD5C025F2A25373C005AA537 /* Build configuration list for PBXNativeTarget "Bookie" */;
			buildPhases = (
				BD5C02472A25373A005AA537 /* Sources */,
				BD5C02482A25373A005AA537 /* Frameworks */,
				BD5C02492A25373A005AA537 /* Resources */,
			);
			buildRules = (
			);
			dependencies = (
			);
			name = Bookie;
			packageProductDependencies = (
				BD5C02632A25375D005AA537 /* Alamofire */,
				BD5C02662A25376B005AA537 /* SnapKit */,
				BD5C02692A253777005AA537 /* Kingfisher */,
				BD5C02A52A26847B005AA537 /* RealmSwift */,
			);
			productName = Bookie;
			productReference = BD5C024B2A25373A005AA537 /* Bookie.app */;
			productType = "com.apple.product-type.application";
		};
/* End PBXNativeTarget section */

/* Begin PBXProject section */
		BD5C02432A25373A005AA537 /* Project object */ = {
			isa = PBXProject;
			attributes = {
				BuildIndependentTargetsInParallel = 1;
				LastSwiftUpdateCheck = 1430;
				LastUpgradeCheck = 1430;
				TargetAttributes = {
					BD5C024A2A25373A005AA537 = {
						CreatedOnToolsVersion = 14.3;
					};
				};
			};
			buildConfigurationList = BD5C02462A25373A005AA537 /* Build configuration list for PBXProject "Bookie" */;
			compatibilityVersion = "Xcode 14.0";
			developmentRegion = en;
			hasScannedForEncodings = 0;
			knownRegions = (
				en,
				Base,
			);
			mainGroup = BD5C02422A25373A005AA537;
			packageReferences = (
				BD5C02622A25375C005AA537 /* XCRemoteSwiftPackageReference "Alamofire" */,
				BD5C02652A25376B005AA537 /* XCRemoteSwiftPackageReference "SnapKit" */,
				BD5C02682A253777005AA537 /* XCRemoteSwiftPackageReference "Kingfisher" */,
				BD5C02A42A26847B005AA537 /* XCRemoteSwiftPackageReference "realm-swift" */,
			);
			productRefGroup = BD5C024C2A25373A005AA537 /* Products */;
			projectDirPath = "";
			projectRoot = "";
			targets = (
				BD5C024A2A25373A005AA537 /* Bookie */,
			);
		};
/* End PBXProject section */

/* Begin PBXResourcesBuildPhase section */
		BD5C02492A25373A005AA537 /* Resources */ = {
			isa = PBXResourcesBuildPhase;
			buildActionMask = 2147483647;
			files = (
				BD82E5222A2BD1D3005EEF71 /* CurrentCollectionViewCell.xib in Resources */,
				BD5C027C2A253CC3005AA537 /* SFPRODISPLAYMEDIUM.OTF in Resources */,
				BD5C025B2A25373C005AA537 /* LaunchScreen.storyboard in Resources */,
				BD9E50E92A2D377E00996D82 /* SettingsTableViewCell.xib in Resources */,
				BD5C02772A253B95005AA537 /* PreloaderCollectionViewCell.xib in Resources */,
				BD82E51D2A2BC147005EEF71 /* UpcomingCollectionViewCell.xib in Resources */,
				BD5C02582A25373C005AA537 /* Assets.xcassets in Resources */,
				BD5C027B2A253CC3005AA537 /* SFPRODISPLAYBOLD.OTF in Resources */,
				BD5C02562A25373A005AA537 /* Main.storyboard in Resources */,
			);
			runOnlyForDeploymentPostprocessing = 0;
		};
/* End PBXResourcesBuildPhase section */

/* Begin PBXSourcesBuildPhase section */
		BD5C02472A25373A005AA537 /* Sources */ = {
			isa = PBXSourcesBuildPhase;
			buildActionMask = 2147483647;
			files = (
				BD5C02902A2682A8005AA537 /* EndpointParameters.swift in Sources */,
				BD5C02AA2A268DD5005AA537 /* MainViewController.swift in Sources */,
				BD9E50EE2A2D3C1B00996D82 /* SettingsList.swift in Sources */,
				BD5C029F2A2682C4005AA537 /* EventsStat.swift in Sources */,
				BD5C028E2A2682A8005AA537 /* NetworkManager.swift in Sources */,
				BD5C02532A25373A005AA537 /* PreloaderController.swift in Sources */,
				BD5C028B2A2682A8005AA537 /* Statistics.swift in Sources */,
				BD5C029E2A2682C4005AA537 /* ScreenModifiersType.swift in Sources */,
				BD82E5212A2BD1D3005EEF71 /* CurrentCollectionViewCell.swift in Sources */,
				BD5C024F2A25373A005AA537 /* AppDelegate.swift in Sources */,
				BD5C02A02A2682C4005AA537 /* TeamStatistic.swift in Sources */,
				BD5C02B22A27DAA8005AA537 /* TermsViewController.swift in Sources */,
				BD5C029B2A2682C4005AA537 /* FixtureStatistic.swift in Sources */,
				BD5C02722A253B05005AA537 /* PreloaderModel.swift in Sources */,
				BD5C02512A25373A005AA537 /* SceneDelegate.swift in Sources */,
				BD5C029C2A2682C4005AA537 /* FixturePlayers.swift in Sources */,
				BD9E50E82A2D377E00996D82 /* SettingsTableViewCell.swift in Sources */,
				BD5C029D2A2682C4005AA537 /* FavoriteTeam.swift in Sources */,
				BD5C028C2A2682A8005AA537 /* LiveDataBuffer.swift in Sources */,
				BD82E51C2A2BC147005EEF71 /* UpcomingCollectionViewCell.swift in Sources */,
				BD5C027F2A253D75005AA537 /* UIFont+ProDisplay.swift in Sources */,
				BD5C02992A2682C4005AA537 /* PlayerStatistic.swift in Sources */,
				BD5C026D2A25398C005AA537 /* UIColor+extension.swift in Sources */,
				BD5C028D2A2682A8005AA537 /* GameStats.swift in Sources */,
				BD9E50E12A2D34A200996D82 /* PreferredViewController.swift in Sources */,
				BD5C028A2A2682A8005AA537 /* InfoBaseRealm.swift in Sources */,
				BD5C028F2A2682A8005AA537 /* NetworkingExtensions.swift in Sources */,
				BD5C02762A253B95005AA537 /* PreloaderCollectionViewCell.swift in Sources */,
				BD5C029A2A2682C4005AA537 /* FavoritesManager.swift in Sources */,
				BD5C02AE2A27D2C1005AA537 /* SettingsViewController.swift in Sources */,
			);
			runOnlyForDeploymentPostprocessing = 0;
		};
/* End PBXSourcesBuildPhase section */

/* Begin PBXVariantGroup section */
		BD5C02542A25373A005AA537 /* Main.storyboard */ = {
			isa = PBXVariantGroup;
			children = (
				BD5C02552A25373A005AA537 /* Base */,
			);
			name = Main.storyboard;
			sourceTree = "<group>";
		};
		BD5C02592A25373C005AA537 /* LaunchScreen.storyboard */ = {
			isa = PBXVariantGroup;
			children = (
				BD5C025A2A25373C005AA537 /* Base */,
			);
			name = LaunchScreen.storyboard;
			sourceTree = "<group>";
		};
/* End PBXVariantGroup section */

/* Begin XCBuildConfiguration section */
		BD5C025D2A25373C005AA537 /* Debug */ = {
			isa = XCBuildConfiguration;
			buildSettings = {
				ALWAYS_SEARCH_USER_PATHS = NO;
				CLANG_ANALYZER_NONNULL = YES;
				CLANG_ANALYZER_NUMBER_OBJECT_CONVERSION = YES_AGGRESSIVE;
				CLANG_CXX_LANGUAGE_STANDARD = "gnu++20";
				CLANG_ENABLE_MODULES = YES;
				CLANG_ENABLE_OBJC_ARC = YES;
				CLANG_ENABLE_OBJC_WEAK = YES;
				CLANG_WARN_BLOCK_CAPTURE_AUTORELEASING = YES;
				CLANG_WARN_BOOL_CONVERSION = YES;
				CLANG_WARN_COMMA = YES;
				CLANG_WARN_CONSTANT_CONVERSION = YES;
				CLANG_WARN_DEPRECATED_OBJC_IMPLEMENTATIONS = YES;
				CLANG_WARN_DIRECT_OBJC_ISA_USAGE = YES_ERROR;
				CLANG_WARN_DOCUMENTATION_COMMENTS = YES;
				CLANG_WARN_EMPTY_BODY = YES;
				CLANG_WARN_ENUM_CONVERSION = YES;
				CLANG_WARN_INFINITE_RECURSION = YES;
				CLANG_WARN_INT_CONVERSION = YES;
				CLANG_WARN_NON_LITERAL_NULL_CONVERSION = YES;
				CLANG_WARN_OBJC_IMPLICIT_RETAIN_SELF = YES;
				CLANG_WARN_OBJC_LITERAL_CONVERSION = YES;
				CLANG_WARN_OBJC_ROOT_CLASS = YES_ERROR;
				CLANG_WARN_QUOTED_INCLUDE_IN_FRAMEWORK_HEADER = YES;
				CLANG_WARN_RANGE_LOOP_ANALYSIS = YES;
				CLANG_WARN_STRICT_PROTOTYPES = YES;
				CLANG_WARN_SUSPICIOUS_MOVE = YES;
				CLANG_WARN_UNGUARDED_AVAILABILITY = YES_AGGRESSIVE;
				CLANG_WARN_UNREACHABLE_CODE = YES;
				CLANG_WARN__DUPLICATE_METHOD_MATCH = YES;
				COPY_PHASE_STRIP = NO;
				DEBUG_INFORMATION_FORMAT = dwarf;
				ENABLE_STRICT_OBJC_MSGSEND = YES;
				ENABLE_TESTABILITY = YES;
				GCC_C_LANGUAGE_STANDARD = gnu11;
				GCC_DYNAMIC_NO_PIC = NO;
				GCC_NO_COMMON_BLOCKS = YES;
				GCC_OPTIMIZATION_LEVEL = 0;
				GCC_PREPROCESSOR_DEFINITIONS = (
					"DEBUG=1",
					"$(inherited)",
				);
				GCC_WARN_64_TO_32_BIT_CONVERSION = YES;
				GCC_WARN_ABOUT_RETURN_TYPE = YES_ERROR;
				GCC_WARN_UNDECLARED_SELECTOR = YES;
				GCC_WARN_UNINITIALIZED_AUTOS = YES_AGGRESSIVE;
				GCC_WARN_UNUSED_FUNCTION = YES;
				GCC_WARN_UNUSED_VARIABLE = YES;
				IPHONEOS_DEPLOYMENT_TARGET = 16.4;
				MTL_ENABLE_DEBUG_INFO = INCLUDE_SOURCE;
				MTL_FAST_MATH = YES;
				ONLY_ACTIVE_ARCH = YES;
				SDKROOT = iphoneos;
				SWIFT_ACTIVE_COMPILATION_CONDITIONS = DEBUG;
				SWIFT_OPTIMIZATION_LEVEL = "-Onone";
			};
			name = Debug;
		};
		BD5C025E2A25373C005AA537 /* Release */ = {
			isa = XCBuildConfiguration;
			buildSettings = {
				ALWAYS_SEARCH_USER_PATHS = NO;
				CLANG_ANALYZER_NONNULL = YES;
				CLANG_ANALYZER_NUMBER_OBJECT_CONVERSION = YES_AGGRESSIVE;
				CLANG_CXX_LANGUAGE_STANDARD = "gnu++20";
				CLANG_ENABLE_MODULES = YES;
				CLANG_ENABLE_OBJC_ARC = YES;
				CLANG_ENABLE_OBJC_WEAK = YES;
				CLANG_WARN_BLOCK_CAPTURE_AUTORELEASING = YES;
				CLANG_WARN_BOOL_CONVERSION = YES;
				CLANG_WARN_COMMA = YES;
				CLANG_WARN_CONSTANT_CONVERSION = YES;
				CLANG_WARN_DEPRECATED_OBJC_IMPLEMENTATIONS = YES;
				CLANG_WARN_DIRECT_OBJC_ISA_USAGE = YES_ERROR;
				CLANG_WARN_DOCUMENTATION_COMMENTS = YES;
				CLANG_WARN_EMPTY_BODY = YES;
				CLANG_WARN_ENUM_CONVERSION = YES;
				CLANG_WARN_INFINITE_RECURSION = YES;
				CLANG_WARN_INT_CONVERSION = YES;
				CLANG_WARN_NON_LITERAL_NULL_CONVERSION = YES;
				CLANG_WARN_OBJC_IMPLICIT_RETAIN_SELF = YES;
				CLANG_WARN_OBJC_LITERAL_CONVERSION = YES;
				CLANG_WARN_OBJC_ROOT_CLASS = YES_ERROR;
				CLANG_WARN_QUOTED_INCLUDE_IN_FRAMEWORK_HEADER = YES;
				CLANG_WARN_RANGE_LOOP_ANALYSIS = YES;
				CLANG_WARN_STRICT_PROTOTYPES = YES;
				CLANG_WARN_SUSPICIOUS_MOVE = YES;
				CLANG_WARN_UNGUARDED_AVAILABILITY = YES_AGGRESSIVE;
				CLANG_WARN_UNREACHABLE_CODE = YES;
				CLANG_WARN__DUPLICATE_METHOD_MATCH = YES;
				COPY_PHASE_STRIP = NO;
				DEBUG_INFORMATION_FORMAT = "dwarf-with-dsym";
				ENABLE_NS_ASSERTIONS = NO;
				ENABLE_STRICT_OBJC_MSGSEND = YES;
				GCC_C_LANGUAGE_STANDARD = gnu11;
				GCC_NO_COMMON_BLOCKS = YES;
				GCC_WARN_64_TO_32_BIT_CONVERSION = YES;
				GCC_WARN_ABOUT_RETURN_TYPE = YES_ERROR;
				GCC_WARN_UNDECLARED_SELECTOR = YES;
				GCC_WARN_UNINITIALIZED_AUTOS = YES_AGGRESSIVE;
				GCC_WARN_UNUSED_FUNCTION = YES;
				GCC_WARN_UNUSED_VARIABLE = YES;
				IPHONEOS_DEPLOYMENT_TARGET = 16.4;
				MTL_ENABLE_DEBUG_INFO = NO;
				MTL_FAST_MATH = YES;
				SDKROOT = iphoneos;
				SWIFT_COMPILATION_MODE = wholemodule;
				SWIFT_OPTIMIZATION_LEVEL = "-O";
				VALIDATE_PRODUCT = YES;
			};
			name = Release;
		};
		BD5C02602A25373C005AA537 /* Debug */ = {
			isa = XCBuildConfiguration;
			buildSettings = {
				ASSETCATALOG_COMPILER_APPICON_NAME = AppIcon;
				ASSETCATALOG_COMPILER_GLOBAL_ACCENT_COLOR_NAME = AccentColor;
				CODE_SIGN_STYLE = Automatic;
				CURRENT_PROJECT_VERSION = 1;
				DEVELOPMENT_TEAM = 6R59JHT6PY;
				GENERATE_INFOPLIST_FILE = YES;
				INFOPLIST_FILE = Bookie/Info.plist;
				INFOPLIST_KEY_UIApplicationSupportsIndirectInputEvents = YES;
				INFOPLIST_KEY_UILaunchStoryboardName = LaunchScreen;
				INFOPLIST_KEY_UIMainStoryboardFile = Main;
				INFOPLIST_KEY_UISupportedInterfaceOrientations_iPad = "UIInterfaceOrientationPortrait UIInterfaceOrientationPortraitUpsideDown UIInterfaceOrientationLandscapeLeft UIInterfaceOrientationLandscapeRight";
				INFOPLIST_KEY_UISupportedInterfaceOrientations_iPhone = "UIInterfaceOrientationPortrait UIInterfaceOrientationLandscapeLeft UIInterfaceOrientationLandscapeRight";
				IPHONEOS_DEPLOYMENT_TARGET = 16.0;
				LD_RUNPATH_SEARCH_PATHS = (
					"$(inherited)",
					"@executable_path/Frameworks",
				);
				MARKETING_VERSION = 1.0;
				PRODUCT_BUNDLE_IDENTIFIER = Cresus.Bookie;
				PRODUCT_NAME = "$(TARGET_NAME)";
				SWIFT_EMIT_LOC_STRINGS = YES;
				SWIFT_VERSION = 5.0;
				TARGETED_DEVICE_FAMILY = "1,2";
			};
			name = Debug;
		};
		BD5C02612A25373C005AA537 /* Release */ = {
			isa = XCBuildConfiguration;
			buildSettings = {
				ASSETCATALOG_COMPILER_APPICON_NAME = AppIcon;
				ASSETCATALOG_COMPILER_GLOBAL_ACCENT_COLOR_NAME = AccentColor;
				CODE_SIGN_STYLE = Automatic;
				CURRENT_PROJECT_VERSION = 1;
				DEVELOPMENT_TEAM = 6R59JHT6PY;
				GENERATE_INFOPLIST_FILE = YES;
				INFOPLIST_FILE = Bookie/Info.plist;
				INFOPLIST_KEY_UIApplicationSupportsIndirectInputEvents = YES;
				INFOPLIST_KEY_UILaunchStoryboardName = LaunchScreen;
				INFOPLIST_KEY_UIMainStoryboardFile = Main;
				INFOPLIST_KEY_UISupportedInterfaceOrientations_iPad = "UIInterfaceOrientationPortrait UIInterfaceOrientationPortraitUpsideDown UIInterfaceOrientationLandscapeLeft UIInterfaceOrientationLandscapeRight";
				INFOPLIST_KEY_UISupportedInterfaceOrientations_iPhone = "UIInterfaceOrientationPortrait UIInterfaceOrientationLandscapeLeft UIInterfaceOrientationLandscapeRight";
				IPHONEOS_DEPLOYMENT_TARGET = 16.0;
				LD_RUNPATH_SEARCH_PATHS = (
					"$(inherited)",
					"@executable_path/Frameworks",
				);
				MARKETING_VERSION = 1.0;
				PRODUCT_BUNDLE_IDENTIFIER = Cresus.Bookie;
				PRODUCT_NAME = "$(TARGET_NAME)";
				SWIFT_EMIT_LOC_STRINGS = YES;
				SWIFT_VERSION = 5.0;
				TARGETED_DEVICE_FAMILY = "1,2";
			};
			name = Release;
		};
/* End XCBuildConfiguration section */

/* Begin XCConfigurationList section */
		BD5C02462A25373A005AA537 /* Build configuration list for PBXProject "Bookie" */ = {
			isa = XCConfigurationList;
			buildConfigurations = (
				BD5C025D2A25373C005AA537 /* Debug */,
				BD5C025E2A25373C005AA537 /* Release */,
			);
			defaultConfigurationIsVisible = 0;
			defaultConfigurationName = Release;
		};
		BD5C025F2A25373C005AA537 /* Build configuration list for PBXNativeTarget "Bookie" */ = {
			isa = XCConfigurationList;
			buildConfigurations = (
				BD5C02602A25373C005AA537 /* Debug */,
				BD5C02612A25373C005AA537 /* Release */,
			);
			defaultConfigurationIsVisible = 0;
			defaultConfigurationName = Release;
		};
/* End XCConfigurationList section */

/* Begin XCRemoteSwiftPackageReference section */
		BD5C02622A25375C005AA537 /* XCRemoteSwiftPackageReference "Alamofire" */ = {
			isa = XCRemoteSwiftPackageReference;
			repositoryURL = "https://github.com/Alamofire/Alamofire.git";
			requirement = {
				kind = upToNextMajorVersion;
				minimumVersion = 5.0.0;
			};
		};
		BD5C02652A25376B005AA537 /* XCRemoteSwiftPackageReference "SnapKit" */ = {
			isa = XCRemoteSwiftPackageReference;
			repositoryURL = "https://github.com/SnapKit/SnapKit.git";
			requirement = {
				kind = upToNextMajorVersion;
				minimumVersion = 5.0.0;
			};
		};
		BD5C02682A253777005AA537 /* XCRemoteSwiftPackageReference "Kingfisher" */ = {
			isa = XCRemoteSwiftPackageReference;
			repositoryURL = "https://github.com/onevcat/Kingfisher.git";
			requirement = {
				kind = upToNextMajorVersion;
				minimumVersion = 7.0.0;
			};
		};
		BD5C02A42A26847B005AA537 /* XCRemoteSwiftPackageReference "realm-swift" */ = {
			isa = XCRemoteSwiftPackageReference;
			repositoryURL = "https://github.com/realm/realm-swift.git";
			requirement = {
				branch = master;
				kind = branch;
			};
		};
/* End XCRemoteSwiftPackageReference section */

/* Begin XCSwiftPackageProductDependency section */
		BD5C02632A25375D005AA537 /* Alamofire */ = {
			isa = XCSwiftPackageProductDependency;
			package = BD5C02622A25375C005AA537 /* XCRemoteSwiftPackageReference "Alamofire" */;
			productName = Alamofire;
		};
		BD5C02662A25376B005AA537 /* SnapKit */ = {
			isa = XCSwiftPackageProductDependency;
			package = BD5C02652A25376B005AA537 /* XCRemoteSwiftPackageReference "SnapKit" */;
			productName = SnapKit;
		};
		BD5C02692A253777005AA537 /* Kingfisher */ = {
			isa = XCSwiftPackageProductDependency;
			package = BD5C02682A253777005AA537 /* XCRemoteSwiftPackageReference "Kingfisher" */;
			productName = Kingfisher;
		};
		BD5C02A52A26847B005AA537 /* RealmSwift */ = {
			isa = XCSwiftPackageProductDependency;
			package = BD5C02A42A26847B005AA537 /* XCRemoteSwiftPackageReference "realm-swift" */;
			productName = RealmSwift;
		};
/* End XCSwiftPackageProductDependency section */
	};
	rootObject = BD5C02432A25373A005AA537 /* Project object */;
}
